{
  "version": 4,
  "terraform_version": "1.1.3",
  "serial": 150,
  "lineage": "81a3dfae-f1ef-45e7-a0b8-d13c26a9d11b",
  "outputs": {},
  "resources": [
    {
      "mode": "data",
      "type": "aws_ami",
      "name": "api",
      "provider": "provider[\"registry.terraform.io/hashicorp/aws\"]",
      "instances": [
        {
          "schema_version": 0,
          "attributes": {
            "architecture": "x86_64",
            "arn": "arn:aws:ec2:ap-southeast-1::image/ami-03ae1f4e6393e3d13",
            "block_device_mappings": [
              {
                "device_name": "/dev/sda1",
                "ebs": {
                  "delete_on_termination": "true",
                  "encrypted": "true",
                  "iops": "0",
                  "snapshot_id": "snap-04b0d993e77cdb0a9",
                  "throughput": "0",
                  "volume_size": "8",
                  "volume_type": "gp2"
                },
                "no_device": "",
                "virtual_name": ""
              },
              {
                "device_name": "/dev/sdb",
                "ebs": {},
                "no_device": "",
                "virtual_name": "ephemeral0"
              },
              {
                "device_name": "/dev/sdc",
                "ebs": {},
                "no_device": "",
                "virtual_name": "ephemeral1"
              }
            ],
            "creation_date": "2022-01-08T18:46:51.000Z",
            "description": "An encrypted root ami based off ami-055d15d9cfddf7bd3",
            "ena_support": true,
            "executable_users": null,
            "filter": [
              {
                "name": "name",
                "values": [
                  "ubuntu-encrypted-ami"
                ]
              },
              {
                "name": "virtualization-type",
                "values": [
                  "hvm"
                ]
              }
            ],
            "hypervisor": "xen",
            "id": "ami-03ae1f4e6393e3d13",
            "image_id": "ami-03ae1f4e6393e3d13",
            "image_location": "945251900491/ubuntu-encrypted-ami",
            "image_owner_alias": null,
            "image_type": "machine",
            "kernel_id": null,
            "most_recent": true,
            "name": "ubuntu-encrypted-ami",
            "name_regex": null,
            "owner_id": "945251900491",
            "owners": [
              "945251900491"
            ],
            "platform": null,
            "platform_details": "Linux/UNIX",
            "product_codes": [],
            "public": false,
            "ramdisk_id": null,
            "root_device_name": "/dev/sda1",
            "root_device_type": "ebs",
            "root_snapshot_id": "snap-04b0d993e77cdb0a9",
            "sriov_net_support": "simple",
            "state": "available",
            "state_reason": {
              "code": "UNSET",
              "message": "UNSET"
            },
            "tags": {
              "Name": "ubuntu-encrypted-ami"
            },
            "usage_operation": "RunInstances",
            "virtualization_type": "hvm"
          },
          "sensitive_attributes": []
        }
      ]
    },
    {
      "mode": "data",
      "type": "aws_availability_zone",
      "name": "zones",
      "provider": "provider[\"registry.terraform.io/hashicorp/aws\"]",
      "instances": [
        {
          "index_key": 0,
          "schema_version": 0,
          "attributes": {
            "all_availability_zones": null,
            "filter": null,
            "group_name": "ap-southeast-1",
            "id": "ap-southeast-1a",
            "name": "ap-southeast-1a",
            "name_suffix": "a",
            "network_border_group": "ap-southeast-1",
            "opt_in_status": "opt-in-not-required",
            "parent_zone_id": "",
            "parent_zone_name": "",
            "region": "ap-southeast-1",
            "state": "available",
            "zone_id": "apse1-az1",
            "zone_type": "availability-zone"
          },
          "sensitive_attributes": []
        },
        {
          "index_key": 1,
          "schema_version": 0,
          "attributes": {
            "all_availability_zones": null,
            "filter": null,
            "group_name": "ap-southeast-1",
            "id": "ap-southeast-1b",
            "name": "ap-southeast-1b",
            "name_suffix": "b",
            "network_border_group": "ap-southeast-1",
            "opt_in_status": "opt-in-not-required",
            "parent_zone_id": "",
            "parent_zone_name": "",
            "region": "ap-southeast-1",
            "state": "available",
            "zone_id": "apse1-az2",
            "zone_type": "availability-zone"
          },
          "sensitive_attributes": []
        }
      ]
    },
    {
      "mode": "data",
      "type": "aws_iam_policy_document",
      "name": "api_policy",
      "provider": "provider[\"registry.terraform.io/hashicorp/aws\"]",
      "instances": [
        {
          "schema_version": 0,
          "attributes": {
            "id": "2074062309",
            "json": "{\n  \"Version\": \"2012-10-17\",\n  \"Statement\": [\n    {\n      \"Sid\": \"\",\n      \"Effect\": \"Allow\",\n      \"Action\": [\n        \"cloudwatch:PutMetricData\",\n        \"cloudwatch:PutMetricAlarm\",\n        \"cloudwatch:ListMetrics\",\n        \"cloudwatch:GetMetricStatistics\"\n      ],\n      \"Resource\": \"*\"\n    }\n  ]\n}",
            "override_json": null,
            "override_policy_documents": null,
            "policy_id": null,
            "source_json": null,
            "source_policy_documents": null,
            "statement": [
              {
                "actions": [
                  "cloudwatch:GetMetricStatistics",
                  "cloudwatch:ListMetrics",
                  "cloudwatch:PutMetricAlarm",
                  "cloudwatch:PutMetricData"
                ],
                "condition": [],
                "effect": "Allow",
                "not_actions": [],
                "not_principals": [],
                "not_resources": [],
                "principals": [],
                "resources": [
                  "*"
                ],
                "sid": ""
              }
            ],
            "version": "2012-10-17"
          },
          "sensitive_attributes": []
        }
      ]
    },
    {
      "mode": "data",
      "type": "aws_iam_policy_document",
      "name": "api_role",
      "provider": "provider[\"registry.terraform.io/hashicorp/aws\"]",
      "instances": [
        {
          "schema_version": 0,
          "attributes": {
            "id": "1903849331",
            "json": "{\n  \"Version\": \"2012-10-17\",\n  \"Statement\": [\n    {\n      \"Sid\": \"\",\n      \"Effect\": \"Allow\",\n      \"Action\": \"sts:AssumeRole\",\n      \"Principal\": {\n        \"Service\": \"ec2.amazonaws.com\"\n      }\n    }\n  ]\n}",
            "override_json": null,
            "override_policy_documents": null,
            "policy_id": null,
            "source_json": null,
            "source_policy_documents": null,
            "statement": [
              {
                "actions": [
                  "sts:AssumeRole"
                ],
                "condition": [],
                "effect": "Allow",
                "not_actions": [],
                "not_principals": [],
                "not_resources": [],
                "principals": [
                  {
                    "identifiers": [
                      "ec2.amazonaws.com"
                    ],
                    "type": "Service"
                  }
                ],
                "resources": [],
                "sid": ""
              }
            ],
            "version": "2012-10-17"
          },
          "sensitive_attributes": []
        }
      ]
    },
    {
      "mode": "data",
      "type": "aws_iam_policy_document",
      "name": "web_policy",
      "provider": "provider[\"registry.terraform.io/hashicorp/aws\"]",
      "instances": [
        {
          "schema_version": 0,
          "attributes": {
            "id": "2074062309",
            "json": "{\n  \"Version\": \"2012-10-17\",\n  \"Statement\": [\n    {\n      \"Sid\": \"\",\n      \"Effect\": \"Allow\",\n      \"Action\": [\n        \"cloudwatch:PutMetricData\",\n        \"cloudwatch:PutMetricAlarm\",\n        \"cloudwatch:ListMetrics\",\n        \"cloudwatch:GetMetricStatistics\"\n      ],\n      \"Resource\": \"*\"\n    }\n  ]\n}",
            "override_json": null,
            "override_policy_documents": null,
            "policy_id": null,
            "source_json": null,
            "source_policy_documents": null,
            "statement": [
              {
                "actions": [
                  "cloudwatch:GetMetricStatistics",
                  "cloudwatch:ListMetrics",
                  "cloudwatch:PutMetricAlarm",
                  "cloudwatch:PutMetricData"
                ],
                "condition": [],
                "effect": "Allow",
                "not_actions": [],
                "not_principals": [],
                "not_resources": [],
                "principals": [],
                "resources": [
                  "*"
                ],
                "sid": ""
              }
            ],
            "version": "2012-10-17"
          },
          "sensitive_attributes": []
        }
      ]
    },
    {
      "mode": "data",
      "type": "aws_iam_policy_document",
      "name": "web_role",
      "provider": "provider[\"registry.terraform.io/hashicorp/aws\"]",
      "instances": [
        {
          "schema_version": 0,
          "attributes": {
            "id": "1903849331",
            "json": "{\n  \"Version\": \"2012-10-17\",\n  \"Statement\": [\n    {\n      \"Sid\": \"\",\n      \"Effect\": \"Allow\",\n      \"Action\": \"sts:AssumeRole\",\n      \"Principal\": {\n        \"Service\": \"ec2.amazonaws.com\"\n      }\n    }\n  ]\n}",
            "override_json": null,
            "override_policy_documents": null,
            "policy_id": null,
            "source_json": null,
            "source_policy_documents": null,
            "statement": [
              {
                "actions": [
                  "sts:AssumeRole"
                ],
                "condition": [],
                "effect": "Allow",
                "not_actions": [],
                "not_principals": [],
                "not_resources": [],
                "principals": [
                  {
                    "identifiers": [
                      "ec2.amazonaws.com"
                    ],
                    "type": "Service"
                  }
                ],
                "resources": [],
                "sid": ""
              }
            ],
            "version": "2012-10-17"
          },
          "sensitive_attributes": []
        }
      ]
    },
    {
      "mode": "data",
      "type": "aws_region",
      "name": "current",
      "provider": "provider[\"registry.terraform.io/hashicorp/aws\"]",
      "instances": [
        {
          "schema_version": 0,
          "attributes": {
            "description": "Asia Pacific (Singapore)",
            "endpoint": "ec2.ap-southeast-1.amazonaws.com",
            "id": "ap-southeast-1",
            "name": "ap-southeast-1"
          },
          "sensitive_attributes": []
        }
      ]
    },
    {
      "mode": "data",
      "type": "aws_subnet",
      "name": "tier1",
      "provider": "provider[\"registry.terraform.io/hashicorp/aws\"]",
      "instances": [
        {
          "index_key": 0,
          "schema_version": 0,
          "attributes": {
            "arn": "arn:aws:ec2:ap-southeast-1:945251900491:subnet/subnet-097d28122a407ab4f",
            "assign_ipv6_address_on_creation": false,
            "availability_zone": "ap-southeast-1a",
            "availability_zone_id": "apse1-az1",
            "available_ip_address_count": 1016,
            "cidr_block": "172.168.12.0/22",
            "customer_owned_ipv4_pool": "",
            "default_for_az": false,
            "enable_dns64": false,
            "enable_resource_name_dns_a_record_on_launch": false,
            "enable_resource_name_dns_aaaa_record_on_launch": false,
            "filter": null,
            "id": "subnet-097d28122a407ab4f",
            "ipv6_cidr_block": "",
            "ipv6_cidr_block_association_id": "",
            "ipv6_native": false,
            "map_customer_owned_ip_on_launch": false,
            "map_public_ip_on_launch": true,
            "outpost_arn": "",
            "owner_id": "945251900491",
            "private_dns_hostname_type_on_launch": "ip-name",
            "state": "available",
            "tags": {
              "Environment": "test",
              "Name": "test-vpc-public-ap-southeast-1a",
              "Terraform": "true",
              "Tier": "1",
              "subnet": "private"
            },
            "vpc_id": "vpc-000ba1ce5953f5ee0"
          },
          "sensitive_attributes": []
        },
        {
          "index_key": 1,
          "schema_version": 0,
          "attributes": {
            "arn": "arn:aws:ec2:ap-southeast-1:945251900491:subnet/subnet-0947609cd757f4bb7",
            "assign_ipv6_address_on_creation": false,
            "availability_zone": "ap-southeast-1b",
            "availability_zone_id": "apse1-az2",
            "available_ip_address_count": 1017,
            "cidr_block": "172.168.16.0/22",
            "customer_owned_ipv4_pool": "",
            "default_for_az": false,
            "enable_dns64": false,
            "enable_resource_name_dns_a_record_on_launch": false,
            "enable_resource_name_dns_aaaa_record_on_launch": false,
            "filter": null,
            "id": "subnet-0947609cd757f4bb7",
            "ipv6_cidr_block": "",
            "ipv6_cidr_block_association_id": "",
            "ipv6_native": false,
            "map_customer_owned_ip_on_launch": false,
            "map_public_ip_on_launch": true,
            "outpost_arn": "",
            "owner_id": "945251900491",
            "private_dns_hostname_type_on_launch": "ip-name",
            "state": "available",
            "tags": {
              "Environment": "test",
              "Name": "test-vpc-public-ap-southeast-1b",
              "Terraform": "true",
              "Tier": "1",
              "subnet": "private"
            },
            "vpc_id": "vpc-000ba1ce5953f5ee0"
          },
          "sensitive_attributes": []
        }
      ]
    },
    {
      "mode": "data",
      "type": "aws_subnet",
      "name": "tier2",
      "provider": "provider[\"registry.terraform.io/hashicorp/aws\"]",
      "instances": [
        {
          "index_key": 0,
          "schema_version": 0,
          "attributes": {
            "arn": "arn:aws:ec2:ap-southeast-1:945251900491:subnet/subnet-062ae3776d28c51e3",
            "assign_ipv6_address_on_creation": false,
            "availability_zone": "ap-southeast-1a",
            "availability_zone_id": "apse1-az1",
            "available_ip_address_count": 1018,
            "cidr_block": "172.168.0.0/22",
            "customer_owned_ipv4_pool": "",
            "default_for_az": false,
            "enable_dns64": false,
            "enable_resource_name_dns_a_record_on_launch": false,
            "enable_resource_name_dns_aaaa_record_on_launch": false,
            "filter": null,
            "id": "subnet-062ae3776d28c51e3",
            "ipv6_cidr_block": "",
            "ipv6_cidr_block_association_id": "",
            "ipv6_native": false,
            "map_customer_owned_ip_on_launch": false,
            "map_public_ip_on_launch": false,
            "outpost_arn": "",
            "owner_id": "945251900491",
            "private_dns_hostname_type_on_launch": "ip-name",
            "state": "available",
            "tags": {
              "Environment": "test",
              "Name": "test-vpc-private-ap-southeast-1a",
              "Terraform": "true",
              "Tier": "2",
              "subnet": "private"
            },
            "vpc_id": "vpc-000ba1ce5953f5ee0"
          },
          "sensitive_attributes": []
        },
        {
          "index_key": 1,
          "schema_version": 0,
          "attributes": {
            "arn": "arn:aws:ec2:ap-southeast-1:945251900491:subnet/subnet-07ff5e6492b89a5f8",
            "assign_ipv6_address_on_creation": false,
            "availability_zone": "ap-southeast-1b",
            "availability_zone_id": "apse1-az2",
            "available_ip_address_count": 1016,
            "cidr_block": "172.168.4.0/22",
            "customer_owned_ipv4_pool": "",
            "default_for_az": false,
            "enable_dns64": false,
            "enable_resource_name_dns_a_record_on_launch": false,
            "enable_resource_name_dns_aaaa_record_on_launch": false,
            "filter": null,
            "id": "subnet-07ff5e6492b89a5f8",
            "ipv6_cidr_block": "",
            "ipv6_cidr_block_association_id": "",
            "ipv6_native": false,
            "map_customer_owned_ip_on_launch": false,
            "map_public_ip_on_launch": false,
            "outpost_arn": "",
            "owner_id": "945251900491",
            "private_dns_hostname_type_on_launch": "ip-name",
            "state": "available",
            "tags": {
              "Environment": "test",
              "Name": "test-vpc-private-ap-southeast-1b",
              "Terraform": "true",
              "Tier": "2",
              "subnet": "private"
            },
            "vpc_id": "vpc-000ba1ce5953f5ee0"
          },
          "sensitive_attributes": []
        }
      ]
    },
    {
      "mode": "data",
      "type": "aws_vpc",
      "name": "main",
      "provider": "provider[\"registry.terraform.io/hashicorp/aws\"]",
      "instances": [
        {
          "schema_version": 0,
          "attributes": {
            "arn": "arn:aws:ec2:ap-southeast-1:945251900491:vpc/vpc-000ba1ce5953f5ee0",
            "cidr_block": "172.168.0.0/19",
            "cidr_block_associations": [
              {
                "association_id": "vpc-cidr-assoc-07969d40c482cc05d",
                "cidr_block": "172.168.0.0/19",
                "state": "associated"
              }
            ],
            "default": false,
            "dhcp_options_id": "dopt-7878521f",
            "enable_dns_hostnames": false,
            "enable_dns_support": true,
            "filter": [
              {
                "name": "tag:Name",
                "values": [
                  "test-vpc"
                ]
              }
            ],
            "id": "vpc-000ba1ce5953f5ee0",
            "instance_tenancy": "default",
            "ipv6_association_id": null,
            "ipv6_cidr_block": null,
            "main_route_table_id": "rtb-08c69d9f7d790221b",
            "owner_id": "945251900491",
            "state": "available",
            "tags": {
              "Environment": "test",
              "Name": "test-vpc",
              "Terraform": "true"
            }
          },
          "sensitive_attributes": []
        }
      ]
    },
    {
      "mode": "data",
      "type": "template_file",
      "name": "cloud_config",
      "provider": "provider[\"registry.terraform.io/hashicorp/template\"]",
      "instances": [
        {
          "schema_version": 0,
          "attributes": {
            "filename": null,
            "id": "29e98afbab96ad89e1e100fab741cb5f26f44badc6222449656ab740f93904d5",
            "rendered": "#cloud-config\r\nwrite_files:\r\n  - path: \"/tmp/host_reg.sh\"\r\n    permissions: \"0744\"\r\n    owner: \"root:root\"\r\n    encoding: \"base64\"\r\n    content: |\r\n      IyEvYmluL2Jhc2gNCmFwdC1nZXQgdXBkYXRlIC15DQphcHQtZ2V0IHVwZ3JhZGUgLXkNCmFwdC1nZXQgaW5zdGFsbCBuZ2lueCAteQ0KZWNobyAnPGgxPnZ2MTwvaDE+JyA+IC92YXIvd3d3L2h0bWwvaW5kZXguaHRtbA==\r\n    \r\nruncmd:\r\n  - apt-get update -y\r\n  - apt-get upgrade -y\r\n  - apt-get install nginx -y\r\n  - echo '\u003ch1\u003ev1\u003c/h1\u003e' \u003e /var/www/html/index.html",
            "template": "#cloud-config\r\nwrite_files:\r\n  - path: \"/tmp/host_reg.sh\"\r\n    permissions: \"0744\"\r\n    owner: \"root:root\"\r\n    encoding: \"base64\"\r\n    content: |\r\n      ${shellscript}\r\n    \r\nruncmd:\r\n  - apt-get update -y\r\n  - apt-get upgrade -y\r\n  - apt-get install nginx -y\r\n  - echo '\u003ch1\u003e${app_version}\u003c/h1\u003e' \u003e /var/www/html/index.html",
            "vars": {
              "app_version": "v1",
              "shellscript": "IyEvYmluL2Jhc2gNCmFwdC1nZXQgdXBkYXRlIC15DQphcHQtZ2V0IHVwZ3JhZGUgLXkNCmFwdC1nZXQgaW5zdGFsbCBuZ2lueCAteQ0KZWNobyAnPGgxPnZ2MTwvaDE+JyA+IC92YXIvd3d3L2h0bWwvaW5kZXguaHRtbA=="
            }
          },
          "sensitive_attributes": []
        }
      ]
    },
    {
      "mode": "data",
      "type": "template_file",
      "name": "shellscript",
      "provider": "provider[\"registry.terraform.io/hashicorp/template\"]",
      "instances": [
        {
          "schema_version": 0,
          "attributes": {
            "filename": null,
            "id": "43e70d6c0ffe68e3891a771011c0856193f23a2e0d01e7665bd20c8efd492483",
            "rendered": "#!/bin/bash\r\napt-get update -y\r\napt-get upgrade -y\r\napt-get install nginx -y\r\necho '\u003ch1\u003evv1\u003c/h1\u003e' \u003e /var/www/html/index.html",
            "template": "#!/bin/bash\r\napt-get update -y\r\napt-get upgrade -y\r\napt-get install nginx -y\r\necho '\u003ch1\u003ev${app_version}\u003c/h1\u003e' \u003e /var/www/html/index.html",
            "vars": {
              "app_version": "v1"
            }
          },
          "sensitive_attributes": []
        }
      ]
    },
    {
      "mode": "data",
      "type": "template_file",
      "name": "web_config",
      "provider": "provider[\"registry.terraform.io/hashicorp/template\"]",
      "instances": [
        {
          "schema_version": 0,
          "attributes": {
            "filename": null,
            "id": "f3ef9471354d61349bcc80dcfe2618ecf98b1d827a1c0dad118d65612b761746",
            "rendered": "#cloud-config\r\n   \r\nruncmd:\r\n  - apt-get update -y\r\n  - apt-get upgrade -y\r\n  - apt-get install nginx -y\r\n  - echo '\u003ch1\u003ev1\u003c/h1\u003e' \u003e /var/www/html/index.html",
            "template": "#cloud-config\r\n   \r\nruncmd:\r\n  - apt-get update -y\r\n  - apt-get upgrade -y\r\n  - apt-get install nginx -y\r\n  - echo '\u003ch1\u003e${app_version}\u003c/h1\u003e' \u003e /var/www/html/index.html",
            "vars": {
              "app_version": "v1"
            }
          },
          "sensitive_attributes": []
        }
      ]
    },
    {
      "mode": "managed",
      "type": "aws_alb",
      "name": "api",
      "provider": "provider[\"registry.terraform.io/hashicorp/aws\"]",
      "instances": [
        {
          "schema_version": 0,
          "attributes": {
            "access_logs": [
              {
                "bucket": "",
                "enabled": false,
                "prefix": ""
              }
            ],
            "arn": "arn:aws:elasticloadbalancing:ap-southeast-1:945251900491:loadbalancer/app/test-demo-app-v1/dafc3d6fb6b2a3f4",
            "arn_suffix": "app/test-demo-app-v1/dafc3d6fb6b2a3f4",
            "customer_owned_ipv4_pool": "",
            "desync_mitigation_mode": "defensive",
            "dns_name": "internal-test-demo-app-v1-524615389.ap-southeast-1.elb.amazonaws.com",
            "drop_invalid_header_fields": false,
            "enable_cross_zone_load_balancing": null,
            "enable_deletion_protection": false,
            "enable_http2": true,
            "enable_waf_fail_open": false,
            "id": "arn:aws:elasticloadbalancing:ap-southeast-1:945251900491:loadbalancer/app/test-demo-app-v1/dafc3d6fb6b2a3f4",
            "idle_timeout": 60,
            "internal": true,
            "ip_address_type": "ipv4",
            "load_balancer_type": "application",
            "name": "test-demo-app-v1",
            "name_prefix": null,
            "security_groups": [
              "sg-023f92b9c14366c2b"
            ],
            "subnet_mapping": [
              {
                "allocation_id": "",
                "ipv6_address": "",
                "outpost_id": "",
                "private_ipv4_address": "",
                "subnet_id": "subnet-062ae3776d28c51e3"
              },
              {
                "allocation_id": "",
                "ipv6_address": "",
                "outpost_id": "",
                "private_ipv4_address": "",
                "subnet_id": "subnet-07ff5e6492b89a5f8"
              }
            ],
            "subnets": [
              "subnet-062ae3776d28c51e3",
              "subnet-07ff5e6492b89a5f8"
            ],
            "tags": {
              "Application": "demo",
              "Environment": "test",
              "Name": "test-demo-app-ALB-v1",
              "Role": "app"
            },
            "tags_all": {
              "Application": "demo",
              "Environment": "test",
              "Name": "test-demo-app-ALB-v1",
              "Role": "app"
            },
            "timeouts": null,
            "vpc_id": "vpc-000ba1ce5953f5ee0",
            "zone_id": "Z1LMS91P8CMLE5"
          },
          "sensitive_attributes": [],
          "private": "eyJlMmJmYjczMC1lY2FhLTExZTYtOGY4OC0zNDM2M2JjN2M0YzAiOnsiY3JlYXRlIjo2MDAwMDAwMDAwMDAsImRlbGV0ZSI6NjAwMDAwMDAwMDAwLCJ1cGRhdGUiOjYwMDAwMDAwMDAwMH19",
          "dependencies": [
            "aws_security_group.apialb",
            "aws_security_group.webalb",
            "aws_security_group.websrv",
            "data.aws_availability_zone.zones",
            "data.aws_region.current",
            "data.aws_subnet.tier2",
            "data.aws_vpc.main"
          ]
        }
      ]
    },
    {
      "mode": "managed",
      "type": "aws_alb",
      "name": "web",
      "provider": "provider[\"registry.terraform.io/hashicorp/aws\"]",
      "instances": [
        {
          "schema_version": 0,
          "attributes": {
            "access_logs": [
              {
                "bucket": "",
                "enabled": false,
                "prefix": ""
              }
            ],
            "arn": "arn:aws:elasticloadbalancing:ap-southeast-1:945251900491:loadbalancer/app/test-demo-web-v1/4422f477f8657ab7",
            "arn_suffix": "app/test-demo-web-v1/4422f477f8657ab7",
            "customer_owned_ipv4_pool": "",
            "desync_mitigation_mode": "defensive",
            "dns_name": "test-demo-web-v1-2021321021.ap-southeast-1.elb.amazonaws.com",
            "drop_invalid_header_fields": false,
            "enable_cross_zone_load_balancing": null,
            "enable_deletion_protection": false,
            "enable_http2": true,
            "enable_waf_fail_open": false,
            "id": "arn:aws:elasticloadbalancing:ap-southeast-1:945251900491:loadbalancer/app/test-demo-web-v1/4422f477f8657ab7",
            "idle_timeout": 60,
            "internal": false,
            "ip_address_type": "ipv4",
            "load_balancer_type": "application",
            "name": "test-demo-web-v1",
            "name_prefix": null,
            "security_groups": [
              "sg-0d1c2c22c7b2cca76"
            ],
            "subnet_mapping": [
              {
                "allocation_id": "",
                "ipv6_address": "",
                "outpost_id": "",
                "private_ipv4_address": "",
                "subnet_id": "subnet-0947609cd757f4bb7"
              },
              {
                "allocation_id": "",
                "ipv6_address": "",
                "outpost_id": "",
                "private_ipv4_address": "",
                "subnet_id": "subnet-097d28122a407ab4f"
              }
            ],
            "subnets": [
              "subnet-0947609cd757f4bb7",
              "subnet-097d28122a407ab4f"
            ],
            "tags": {
              "Application": "demo",
              "Environment": "test",
              "Name": "test-demo-web-ALB-v1",
              "Role": "web"
            },
            "tags_all": {
              "Application": "demo",
              "Environment": "test",
              "Name": "test-demo-web-ALB-v1",
              "Role": "web"
            },
            "timeouts": null,
            "vpc_id": "vpc-000ba1ce5953f5ee0",
            "zone_id": "Z1LMS91P8CMLE5"
          },
          "sensitive_attributes": [],
          "private": "eyJlMmJmYjczMC1lY2FhLTExZTYtOGY4OC0zNDM2M2JjN2M0YzAiOnsiY3JlYXRlIjo2MDAwMDAwMDAwMDAsImRlbGV0ZSI6NjAwMDAwMDAwMDAwLCJ1cGRhdGUiOjYwMDAwMDAwMDAwMH19",
          "dependencies": [
            "aws_security_group.webalb",
            "data.aws_availability_zone.zones",
            "data.aws_region.current",
            "data.aws_subnet.tier1",
            "data.aws_vpc.main"
          ]
        }
      ]
    },
    {
      "mode": "managed",
      "type": "aws_alb_listener",
      "name": "frontend_http",
      "provider": "provider[\"registry.terraform.io/hashicorp/aws\"]",
      "instances": [
        {
          "schema_version": 0,
          "attributes": {
            "alpn_policy": null,
            "arn": "arn:aws:elasticloadbalancing:ap-southeast-1:945251900491:listener/app/test-demo-app-v1/dafc3d6fb6b2a3f4/42f5afd86cd3af90",
            "certificate_arn": null,
            "default_action": [
              {
                "authenticate_cognito": [],
                "authenticate_oidc": [],
                "fixed_response": [],
                "forward": [],
                "order": 1,
                "redirect": [],
                "target_group_arn": "arn:aws:elasticloadbalancing:ap-southeast-1:945251900491:targetgroup/test-demo-app-v1/afc41f92a3baec46",
                "type": "forward"
              }
            ],
            "id": "arn:aws:elasticloadbalancing:ap-southeast-1:945251900491:listener/app/test-demo-app-v1/dafc3d6fb6b2a3f4/42f5afd86cd3af90",
            "load_balancer_arn": "arn:aws:elasticloadbalancing:ap-southeast-1:945251900491:loadbalancer/app/test-demo-app-v1/dafc3d6fb6b2a3f4",
            "port": 80,
            "protocol": "HTTP",
            "ssl_policy": "",
            "tags": {},
            "tags_all": {},
            "timeouts": null
          },
          "sensitive_attributes": [],
          "private": "eyJlMmJmYjczMC1lY2FhLTExZTYtOGY4OC0zNDM2M2JjN2M0YzAiOnsicmVhZCI6NjAwMDAwMDAwMDAwfX0=",
          "dependencies": [
            "data.aws_availability_zone.zones",
            "data.aws_subnet.tier2",
            "data.aws_vpc.main",
            "aws_alb.api",
            "aws_alb_target_group.api_target_group",
            "aws_security_group.apialb",
            "aws_security_group.webalb",
            "aws_security_group.websrv",
            "data.aws_region.current"
          ]
        }
      ]
    },
    {
      "mode": "managed",
      "type": "aws_alb_listener",
      "name": "web_frontend_http",
      "provider": "provider[\"registry.terraform.io/hashicorp/aws\"]",
      "instances": [
        {
          "schema_version": 0,
          "attributes": {
            "alpn_policy": null,
            "arn": "arn:aws:elasticloadbalancing:ap-southeast-1:945251900491:listener/app/test-demo-web-v1/4422f477f8657ab7/b0b18bd35411042a",
            "certificate_arn": null,
            "default_action": [
              {
                "authenticate_cognito": [],
                "authenticate_oidc": [],
                "fixed_response": [],
                "forward": [],
                "order": 1,
                "redirect": [],
                "target_group_arn": "arn:aws:elasticloadbalancing:ap-southeast-1:945251900491:targetgroup/test-demo-web-v1/0af4a358a9ce7c38",
                "type": "forward"
              }
            ],
            "id": "arn:aws:elasticloadbalancing:ap-southeast-1:945251900491:listener/app/test-demo-web-v1/4422f477f8657ab7/b0b18bd35411042a",
            "load_balancer_arn": "arn:aws:elasticloadbalancing:ap-southeast-1:945251900491:loadbalancer/app/test-demo-web-v1/4422f477f8657ab7",
            "port": 80,
            "protocol": "HTTP",
            "ssl_policy": "",
            "tags": {},
            "tags_all": {},
            "timeouts": null
          },
          "sensitive_attributes": [],
          "private": "eyJlMmJmYjczMC1lY2FhLTExZTYtOGY4OC0zNDM2M2JjN2M0YzAiOnsicmVhZCI6NjAwMDAwMDAwMDAwfX0=",
          "dependencies": [
            "aws_alb_target_group.web_target_group",
            "aws_security_group.webalb",
            "data.aws_availability_zone.zones",
            "data.aws_region.current",
            "data.aws_subnet.tier1",
            "data.aws_vpc.main",
            "aws_alb.web"
          ]
        }
      ]
    },
    {
      "mode": "managed",
      "type": "aws_alb_target_group",
      "name": "api_target_group",
      "provider": "provider[\"registry.terraform.io/hashicorp/aws\"]",
      "instances": [
        {
          "schema_version": 0,
          "attributes": {
            "arn": "arn:aws:elasticloadbalancing:ap-southeast-1:945251900491:targetgroup/test-demo-app-v1/afc41f92a3baec46",
            "arn_suffix": "targetgroup/test-demo-app-v1/afc41f92a3baec46",
            "connection_termination": false,
            "deregistration_delay": "300",
            "health_check": [
              {
                "enabled": true,
                "healthy_threshold": 3,
                "interval": 10,
                "matcher": "200-299",
                "path": "/",
                "port": "traffic-port",
                "protocol": "HTTP",
                "timeout": 5,
                "unhealthy_threshold": 5
              }
            ],
            "id": "arn:aws:elasticloadbalancing:ap-southeast-1:945251900491:targetgroup/test-demo-app-v1/afc41f92a3baec46",
            "lambda_multi_value_headers_enabled": false,
            "load_balancing_algorithm_type": "round_robin",
            "name": "test-demo-app-v1",
            "name_prefix": null,
            "port": 80,
            "preserve_client_ip": null,
            "protocol": "HTTP",
            "protocol_version": "HTTP1",
            "proxy_protocol_v2": false,
            "slow_start": 0,
            "stickiness": [
              {
                "cookie_duration": 86400,
                "cookie_name": "",
                "enabled": false,
                "type": "lb_cookie"
              }
            ],
            "tags": {
              "Application": "demo",
              "Environment": "test",
              "Name": "test-demo-app-ALB-v1",
              "Role": "app"
            },
            "tags_all": {
              "Application": "demo",
              "Environment": "test",
              "Name": "test-demo-app-ALB-v1",
              "Role": "app"
            },
            "target_type": "instance",
            "vpc_id": "vpc-000ba1ce5953f5ee0"
          },
          "sensitive_attributes": [],
          "private": "bnVsbA==",
          "dependencies": [
            "data.aws_vpc.main"
          ],
          "create_before_destroy": true
        }
      ]
    },
    {
      "mode": "managed",
      "type": "aws_alb_target_group",
      "name": "web_target_group",
      "provider": "provider[\"registry.terraform.io/hashicorp/aws\"]",
      "instances": [
        {
          "schema_version": 0,
          "attributes": {
            "arn": "arn:aws:elasticloadbalancing:ap-southeast-1:945251900491:targetgroup/test-demo-web-v1/0af4a358a9ce7c38",
            "arn_suffix": "targetgroup/test-demo-web-v1/0af4a358a9ce7c38",
            "connection_termination": false,
            "deregistration_delay": "300",
            "health_check": [
              {
                "enabled": true,
                "healthy_threshold": 3,
                "interval": 10,
                "matcher": "200-299",
                "path": "/",
                "port": "traffic-port",
                "protocol": "HTTP",
                "timeout": 5,
                "unhealthy_threshold": 5
              }
            ],
            "id": "arn:aws:elasticloadbalancing:ap-southeast-1:945251900491:targetgroup/test-demo-web-v1/0af4a358a9ce7c38",
            "lambda_multi_value_headers_enabled": false,
            "load_balancing_algorithm_type": "round_robin",
            "name": "test-demo-web-v1",
            "name_prefix": null,
            "port": 80,
            "preserve_client_ip": null,
            "protocol": "HTTP",
            "protocol_version": "HTTP1",
            "proxy_protocol_v2": false,
            "slow_start": 0,
            "stickiness": [
              {
                "cookie_duration": 86400,
                "cookie_name": "",
                "enabled": false,
                "type": "lb_cookie"
              }
            ],
            "tags": {
              "Application": "demo",
              "Environment": "test",
              "Name": "test-demo-web-ALB-v1",
              "Role": "web"
            },
            "tags_all": {
              "Application": "demo",
              "Environment": "test",
              "Name": "test-demo-web-ALB-v1",
              "Role": "web"
            },
            "target_type": "instance",
            "vpc_id": "vpc-000ba1ce5953f5ee0"
          },
          "sensitive_attributes": [],
          "private": "bnVsbA==",
          "dependencies": [
            "data.aws_vpc.main"
          ],
          "create_before_destroy": true
        }
      ]
    },
    {
      "mode": "managed",
      "type": "aws_autoscaling_group",
      "name": "api",
      "provider": "provider[\"registry.terraform.io/hashicorp/aws\"]",
      "instances": [
        {
          "schema_version": 0,
          "attributes": {
            "arn": "arn:aws:autoscaling:ap-southeast-1:945251900491:autoScalingGroup:787de022-23a4-467f-9687-28cbee30b698:autoScalingGroupName/test-demo-app-v120220109105218671800000004",
            "availability_zones": [
              "ap-southeast-1a",
              "ap-southeast-1b"
            ],
            "capacity_rebalance": false,
            "default_cooldown": 300,
            "desired_capacity": 1,
            "enabled_metrics": [
              "GroupDesiredCapacity",
              "GroupInServiceInstances",
              "GroupMaxSize",
              "GroupMinSize",
              "GroupPendingInstances",
              "GroupStandbyInstances",
              "GroupTerminatingInstances",
              "GroupTotalInstances"
            ],
            "force_delete": false,
            "force_delete_warm_pool": false,
            "health_check_grace_period": 300,
            "health_check_type": "ELB",
            "id": "test-demo-app-v120220109105218671800000004",
            "initial_lifecycle_hook": [],
            "instance_refresh": [],
            "launch_configuration": "test-demo-app-v120220109105217101700000003",
            "launch_template": [],
            "load_balancers": [],
            "max_instance_lifetime": 0,
            "max_size": 1,
            "metrics_granularity": "1Minute",
            "min_elb_capacity": null,
            "min_size": 1,
            "mixed_instances_policy": [],
            "name": "test-demo-app-v120220109105218671800000004",
            "name_prefix": "test-demo-app-v1",
            "placement_group": "",
            "protect_from_scale_in": false,
            "service_linked_role_arn": "arn:aws:iam::945251900491:role/aws-service-role/autoscaling.amazonaws.com/AWSServiceRoleForAutoScaling",
            "suspended_processes": [],
            "tag": [
              {
                "key": "Application",
                "propagate_at_launch": true,
                "value": "demo"
              },
              {
                "key": "Environment",
                "propagate_at_launch": true,
                "value": "test"
              },
              {
                "key": "Name",
                "propagate_at_launch": true,
                "value": "test-demo-app-v1"
              }
            ],
            "tags": null,
            "target_group_arns": [
              "arn:aws:elasticloadbalancing:ap-southeast-1:945251900491:targetgroup/test-demo-app-v1/afc41f92a3baec46"
            ],
            "termination_policies": [],
            "timeouts": null,
            "vpc_zone_identifier": [
              "subnet-062ae3776d28c51e3",
              "subnet-07ff5e6492b89a5f8"
            ],
            "wait_for_capacity_timeout": "10m",
            "wait_for_elb_capacity": null,
            "warm_pool": []
          },
          "sensitive_attributes": [],
          "private": "eyJlMmJmYjczMC1lY2FhLTExZTYtOGY4OC0zNDM2M2JjN2M0YzAiOnsiZGVsZXRlIjo2MDAwMDAwMDAwMDB9fQ==",
          "dependencies": [
            "data.aws_iam_policy_document.api_role",
            "data.template_file.shellscript",
            "aws_iam_role.api",
            "aws_security_group.apialb",
            "aws_security_group.webalb",
            "aws_security_group.websrv",
            "data.aws_availability_zone.zones",
            "aws_iam_instance_profile.api",
            "aws_launch_configuration.api",
            "aws_security_group.apisrv",
            "data.aws_subnet.tier2",
            "aws_alb_target_group.api_target_group",
            "data.aws_vpc.main",
            "data.aws_ami.api",
            "data.aws_region.current",
            "data.template_file.cloud_config"
          ],
          "create_before_destroy": true
        }
      ]
    },
    {
      "mode": "managed",
      "type": "aws_autoscaling_group",
      "name": "web",
      "provider": "provider[\"registry.terraform.io/hashicorp/aws\"]",
      "instances": [
        {
          "schema_version": 0,
          "attributes": {
            "arn": "arn:aws:autoscaling:ap-southeast-1:945251900491:autoScalingGroup:c9977642-67e4-4e0e-89b0-29fec72aa1ae:autoScalingGroupName/test-demo-web-v12022010910462530520000000c",
            "availability_zones": [
              "ap-southeast-1a",
              "ap-southeast-1b"
            ],
            "capacity_rebalance": false,
            "default_cooldown": 300,
            "desired_capacity": 1,
            "enabled_metrics": [
              "GroupDesiredCapacity",
              "GroupInServiceInstances",
              "GroupMaxSize",
              "GroupMinSize",
              "GroupPendingInstances",
              "GroupStandbyInstances",
              "GroupTerminatingInstances",
              "GroupTotalInstances"
            ],
            "force_delete": false,
            "force_delete_warm_pool": false,
            "health_check_grace_period": 300,
            "health_check_type": "ELB",
            "id": "test-demo-web-v12022010910462530520000000c",
            "initial_lifecycle_hook": [],
            "instance_refresh": [],
            "launch_configuration": "test-demo-web-v12022010910461518000000000b",
            "launch_template": [],
            "load_balancers": [],
            "max_instance_lifetime": 0,
            "max_size": 1,
            "metrics_granularity": "1Minute",
            "min_elb_capacity": null,
            "min_size": 1,
            "mixed_instances_policy": [],
            "name": "test-demo-web-v12022010910462530520000000c",
            "name_prefix": "test-demo-web-v1",
            "placement_group": "",
            "protect_from_scale_in": false,
            "service_linked_role_arn": "arn:aws:iam::945251900491:role/aws-service-role/autoscaling.amazonaws.com/AWSServiceRoleForAutoScaling",
            "suspended_processes": [],
            "tag": [
              {
                "key": "Application",
                "propagate_at_launch": true,
                "value": "demo"
              },
              {
                "key": "Environment",
                "propagate_at_launch": true,
                "value": "test"
              },
              {
                "key": "Name",
                "propagate_at_launch": true,
                "value": "test-demo-web-v1"
              }
            ],
            "tags": null,
            "target_group_arns": [
              "arn:aws:elasticloadbalancing:ap-southeast-1:945251900491:targetgroup/test-demo-web-v1/0af4a358a9ce7c38"
            ],
            "termination_policies": [],
            "timeouts": null,
            "vpc_zone_identifier": [
              "subnet-062ae3776d28c51e3",
              "subnet-07ff5e6492b89a5f8"
            ],
            "wait_for_capacity_timeout": "10m",
            "wait_for_elb_capacity": null,
            "warm_pool": []
          },
          "sensitive_attributes": [],
          "private": "eyJlMmJmYjczMC1lY2FhLTExZTYtOGY4OC0zNDM2M2JjN2M0YzAiOnsiZGVsZXRlIjo2MDAwMDAwMDAwMDB9fQ==",
          "dependencies": [
            "aws_alb_target_group.web_target_group",
            "aws_security_group.webalb",
            "aws_security_group.websrv",
            "data.aws_iam_policy_document.web_role",
            "data.aws_subnet.tier2",
            "data.template_file.web_config",
            "aws_iam_instance_profile.web",
            "aws_iam_role.web",
            "aws_launch_configuration.web",
            "data.aws_ami.api",
            "data.aws_availability_zone.zones",
            "data.aws_region.current",
            "data.aws_vpc.main"
          ],
          "create_before_destroy": true
        }
      ]
    },
    {
      "mode": "managed",
      "type": "aws_iam_instance_profile",
      "name": "api",
      "provider": "provider[\"registry.terraform.io/hashicorp/aws\"]",
      "instances": [
        {
          "schema_version": 0,
          "attributes": {
            "arn": "arn:aws:iam::945251900491:instance-profile/test-demo-app-v120220109104612328500000007",
            "create_date": "2022-01-09T10:46:14Z",
            "id": "test-demo-app-v120220109104612328500000007",
            "name": "test-demo-app-v120220109104612328500000007",
            "name_prefix": "test-demo-app-v1",
            "path": "/",
            "role": "test-demo-app-v120220109104607888500000003",
            "tags": {},
            "tags_all": {},
            "unique_id": "AIPA5YFLHLRFQNMTICBAB"
          },
          "sensitive_attributes": [],
          "private": "bnVsbA==",
          "dependencies": [
            "aws_iam_role.api",
            "data.aws_iam_policy_document.api_role"
          ],
          "create_before_destroy": true
        }
      ]
    },
    {
      "mode": "managed",
      "type": "aws_iam_instance_profile",
      "name": "web",
      "provider": "provider[\"registry.terraform.io/hashicorp/aws\"]",
      "instances": [
        {
          "schema_version": 0,
          "attributes": {
            "arn": "arn:aws:iam::945251900491:instance-profile/test-demo-web-v120220109104612341300000008",
            "create_date": "2022-01-09T10:46:14Z",
            "id": "test-demo-web-v120220109104612341300000008",
            "name": "test-demo-web-v120220109104612341300000008",
            "name_prefix": "test-demo-web-v1",
            "path": "/",
            "role": "test-demo-web-v120220109104607902200000004",
            "tags": {},
            "tags_all": {},
            "unique_id": "AIPA5YFLHLRFSSTGS26GX"
          },
          "sensitive_attributes": [],
          "private": "bnVsbA==",
          "dependencies": [
            "aws_iam_role.web",
            "data.aws_iam_policy_document.web_role"
          ],
          "create_before_destroy": true
        }
      ]
    },
    {
      "mode": "managed",
      "type": "aws_iam_policy",
      "name": "api",
      "provider": "provider[\"registry.terraform.io/hashicorp/aws\"]",
      "instances": [
        {
          "schema_version": 0,
          "attributes": {
            "arn": "arn:aws:iam::945251900491:policy/test-demo-app-v120220109104607885400000001",
            "description": "test demo policy",
            "id": "arn:aws:iam::945251900491:policy/test-demo-app-v120220109104607885400000001",
            "name": "test-demo-app-v120220109104607885400000001",
            "name_prefix": "test-demo-app-v1",
            "path": "/",
            "policy": "{\"Statement\":[{\"Action\":[\"cloudwatch:PutMetricData\",\"cloudwatch:PutMetricAlarm\",\"cloudwatch:ListMetrics\",\"cloudwatch:GetMetricStatistics\"],\"Effect\":\"Allow\",\"Resource\":\"*\",\"Sid\":\"\"}],\"Version\":\"2012-10-17\"}",
            "policy_id": "ANPA5YFLHLRFZHSXWZR4H",
            "tags": {},
            "tags_all": {}
          },
          "sensitive_attributes": [],
          "private": "bnVsbA==",
          "dependencies": [
            "data.aws_iam_policy_document.api_policy"
          ]
        }
      ]
    },
    {
      "mode": "managed",
      "type": "aws_iam_policy",
      "name": "web",
      "provider": "provider[\"registry.terraform.io/hashicorp/aws\"]",
      "instances": [
        {
          "schema_version": 0,
          "attributes": {
            "arn": "arn:aws:iam::945251900491:policy/test-demo-web-v120220109104607885900000002",
            "description": "test demo policy",
            "id": "arn:aws:iam::945251900491:policy/test-demo-web-v120220109104607885900000002",
            "name": "test-demo-web-v120220109104607885900000002",
            "name_prefix": "test-demo-web-v1",
            "path": "/",
            "policy": "{\"Statement\":[{\"Action\":[\"cloudwatch:PutMetricData\",\"cloudwatch:PutMetricAlarm\",\"cloudwatch:ListMetrics\",\"cloudwatch:GetMetricStatistics\"],\"Effect\":\"Allow\",\"Resource\":\"*\",\"Sid\":\"\"}],\"Version\":\"2012-10-17\"}",
            "policy_id": "ANPA5YFLHLRFYOHV3WPBZ",
            "tags": {},
            "tags_all": {}
          },
          "sensitive_attributes": [],
          "private": "bnVsbA==",
          "dependencies": [
            "data.aws_iam_policy_document.web_policy"
          ]
        }
      ]
    },
    {
      "mode": "managed",
      "type": "aws_iam_role",
      "name": "api",
      "provider": "provider[\"registry.terraform.io/hashicorp/aws\"]",
      "instances": [
        {
          "schema_version": 0,
          "attributes": {
            "arn": "arn:aws:iam::945251900491:role/test-demo-app-v120220109104607888500000003",
            "assume_role_policy": "{\"Version\":\"2012-10-17\",\"Statement\":[{\"Sid\":\"\",\"Effect\":\"Allow\",\"Principal\":{\"Service\":\"ec2.amazonaws.com\"},\"Action\":\"sts:AssumeRole\"}]}",
            "create_date": "2022-01-09T10:46:10Z",
            "description": "",
            "force_detach_policies": false,
            "id": "test-demo-app-v120220109104607888500000003",
            "inline_policy": [
              {
                "name": "",
                "policy": ""
              }
            ],
            "managed_policy_arns": [
              "arn:aws:iam::945251900491:policy/test-demo-app-v120220109104607885400000001"
            ],
            "max_session_duration": 3600,
            "name": "test-demo-app-v120220109104607888500000003",
            "name_prefix": "test-demo-app-v1",
            "path": "/",
            "permissions_boundary": null,
            "tags": {},
            "tags_all": {},
            "unique_id": "AROA5YFLHLRFXGSUIKOMZ"
          },
          "sensitive_attributes": [],
          "private": "bnVsbA==",
          "dependencies": [
            "data.aws_iam_policy_document.api_role"
          ],
          "create_before_destroy": true
        }
      ]
    },
    {
      "mode": "managed",
      "type": "aws_iam_role",
      "name": "web",
      "provider": "provider[\"registry.terraform.io/hashicorp/aws\"]",
      "instances": [
        {
          "schema_version": 0,
          "attributes": {
            "arn": "arn:aws:iam::945251900491:role/test-demo-web-v120220109104607902200000004",
            "assume_role_policy": "{\"Version\":\"2012-10-17\",\"Statement\":[{\"Sid\":\"\",\"Effect\":\"Allow\",\"Principal\":{\"Service\":\"ec2.amazonaws.com\"},\"Action\":\"sts:AssumeRole\"}]}",
            "create_date": "2022-01-09T10:46:10Z",
            "description": "",
            "force_detach_policies": false,
            "id": "test-demo-web-v120220109104607902200000004",
            "inline_policy": [
              {
                "name": "",
                "policy": ""
              }
            ],
            "managed_policy_arns": [
              "arn:aws:iam::945251900491:policy/test-demo-web-v120220109104607885900000002"
            ],
            "max_session_duration": 3600,
            "name": "test-demo-web-v120220109104607902200000004",
            "name_prefix": "test-demo-web-v1",
            "path": "/",
            "permissions_boundary": null,
            "tags": {},
            "tags_all": {},
            "unique_id": "AROA5YFLHLRF7UW5P5I7L"
          },
          "sensitive_attributes": [],
          "private": "bnVsbA==",
          "dependencies": [
            "data.aws_iam_policy_document.web_role"
          ],
          "create_before_destroy": true
        }
      ]
    },
    {
      "mode": "managed",
      "type": "aws_iam_role_policy_attachment",
      "name": "api",
      "provider": "provider[\"registry.terraform.io/hashicorp/aws\"]",
      "instances": [
        {
          "schema_version": 0,
          "attributes": {
            "id": "test-demo-app-v120220109104607888500000003-20220109104613261800000009",
            "policy_arn": "arn:aws:iam::945251900491:policy/test-demo-app-v120220109104607885400000001",
            "role": "test-demo-app-v120220109104607888500000003"
          },
          "sensitive_attributes": [],
          "private": "bnVsbA==",
          "dependencies": [
            "data.aws_iam_policy_document.api_role",
            "aws_iam_policy.api",
            "aws_iam_role.api",
            "data.aws_iam_policy_document.api_policy"
          ]
        }
      ]
    },
    {
      "mode": "managed",
      "type": "aws_iam_role_policy_attachment",
      "name": "web",
      "provider": "provider[\"registry.terraform.io/hashicorp/aws\"]",
      "instances": [
        {
          "schema_version": 0,
          "attributes": {
            "id": "test-demo-web-v120220109104607902200000004-2022010910461327740000000a",
            "policy_arn": "arn:aws:iam::945251900491:policy/test-demo-web-v120220109104607885900000002",
            "role": "test-demo-web-v120220109104607902200000004"
          },
          "sensitive_attributes": [],
          "private": "bnVsbA==",
          "dependencies": [
            "aws_iam_policy.web",
            "aws_iam_role.web",
            "data.aws_iam_policy_document.web_policy",
            "data.aws_iam_policy_document.web_role"
          ]
        }
      ]
    },
    {
      "mode": "managed",
      "type": "aws_launch_configuration",
      "name": "api",
      "provider": "provider[\"registry.terraform.io/hashicorp/aws\"]",
      "instances": [
        {
          "schema_version": 0,
          "attributes": {
            "arn": "arn:aws:autoscaling:ap-southeast-1:945251900491:launchConfiguration:004b50c9-5e8a-4326-a402-3667d36baeee:launchConfigurationName/test-demo-app-v120220109105217101700000003",
            "associate_public_ip_address": false,
            "ebs_block_device": [],
            "ebs_optimized": false,
            "enable_monitoring": true,
            "ephemeral_block_device": [],
            "iam_instance_profile": "test-demo-app-v120220109104612328500000007",
            "id": "test-demo-app-v120220109105217101700000003",
            "image_id": "ami-03ae1f4e6393e3d13",
            "instance_type": "t2.micro",
            "key_name": "devops-team",
            "metadata_options": [],
            "name": "test-demo-app-v120220109105217101700000003",
            "name_prefix": "test-demo-app-v1",
            "placement_tenancy": null,
            "root_block_device": [
              {
                "delete_on_termination": true,
                "encrypted": false,
                "iops": 0,
                "throughput": 0,
                "volume_size": 20,
                "volume_type": ""
              }
            ],
            "security_groups": [
              "sg-0e44c1ce80c95537e"
            ],
            "spot_price": "",
            "user_data": "d0c9c091f5f846772812ab6b936918973023deef",
            "user_data_base64": null,
            "vpc_classic_link_id": "",
            "vpc_classic_link_security_groups": []
          },
          "sensitive_attributes": [],
          "private": "bnVsbA==",
          "dependencies": [
            "aws_security_group.websrv",
            "data.aws_ami.api",
            "data.template_file.shellscript",
            "aws_iam_instance_profile.api",
            "aws_iam_role.api",
            "aws_security_group.webalb",
            "data.aws_vpc.main",
            "data.template_file.cloud_config",
            "aws_security_group.apialb",
            "aws_security_group.apisrv",
            "data.aws_iam_policy_document.api_role"
          ],
          "create_before_destroy": true
        }
      ]
    },
    {
      "mode": "managed",
      "type": "aws_launch_configuration",
      "name": "web",
      "provider": "provider[\"registry.terraform.io/hashicorp/aws\"]",
      "instances": [
        {
          "schema_version": 0,
          "attributes": {
            "arn": "arn:aws:autoscaling:ap-southeast-1:945251900491:launchConfiguration:d23bf373-2492-4cb5-8801-674b4d883c7b:launchConfigurationName/test-demo-web-v12022010910461518000000000b",
            "associate_public_ip_address": false,
            "ebs_block_device": [],
            "ebs_optimized": false,
            "enable_monitoring": true,
            "ephemeral_block_device": [],
            "iam_instance_profile": "test-demo-web-v120220109104612341300000008",
            "id": "test-demo-web-v12022010910461518000000000b",
            "image_id": "ami-03ae1f4e6393e3d13",
            "instance_type": "t2.micro",
            "key_name": "devops-team",
            "metadata_options": [],
            "name": "test-demo-web-v12022010910461518000000000b",
            "name_prefix": "test-demo-web-v1",
            "placement_tenancy": null,
            "root_block_device": [
              {
                "delete_on_termination": true,
                "encrypted": false,
                "iops": 0,
                "throughput": 0,
                "volume_size": 20,
                "volume_type": ""
              }
            ],
            "security_groups": [
              "sg-044de7bdda4929b5c"
            ],
            "spot_price": "",
            "user_data": "87cf846da88f5cc6cf4fe609ecbd523ad773d927",
            "user_data_base64": null,
            "vpc_classic_link_id": "",
            "vpc_classic_link_security_groups": []
          },
          "sensitive_attributes": [],
          "private": "bnVsbA==",
          "dependencies": [
            "data.aws_iam_policy_document.web_role",
            "data.aws_vpc.main",
            "data.template_file.web_config",
            "aws_iam_instance_profile.web",
            "aws_iam_role.web",
            "aws_security_group.webalb",
            "aws_security_group.websrv",
            "data.aws_ami.api"
          ],
          "create_before_destroy": true
        }
      ]
    },
    {
      "mode": "managed",
      "type": "aws_security_group",
      "name": "apialb",
      "provider": "provider[\"registry.terraform.io/hashicorp/aws\"]",
      "instances": [
        {
          "schema_version": 1,
          "attributes": {
            "arn": "arn:aws:ec2:ap-southeast-1:945251900491:security-group/sg-023f92b9c14366c2b",
            "description": "test demo app  ALB",
            "egress": [
              {
                "cidr_blocks": [
                  "0.0.0.0/0"
                ],
                "description": "",
                "from_port": 0,
                "ipv6_cidr_blocks": [],
                "prefix_list_ids": [],
                "protocol": "-1",
                "security_groups": [],
                "self": false,
                "to_port": 0
              }
            ],
            "id": "sg-023f92b9c14366c2b",
            "ingress": [
              {
                "cidr_blocks": [],
                "description": "",
                "from_port": 80,
                "ipv6_cidr_blocks": [],
                "prefix_list_ids": [],
                "protocol": "tcp",
                "security_groups": [
                  "sg-044de7bdda4929b5c"
                ],
                "self": false,
                "to_port": 80
              }
            ],
            "name": "test-app-alb-v120220109105210791300000001",
            "name_prefix": "test-app-alb-v1",
            "owner_id": "945251900491",
            "revoke_rules_on_delete": false,
            "tags": {
              "Application": "app",
              "Environment": "test",
              "Name": "demo-app-alb-v1",
              "Role": "app"
            },
            "tags_all": {
              "Application": "app",
              "Environment": "test",
              "Name": "demo-app-alb-v1",
              "Role": "app"
            },
            "timeouts": null,
            "vpc_id": "vpc-000ba1ce5953f5ee0"
          },
          "sensitive_attributes": [],
          "private": "eyJlMmJmYjczMC1lY2FhLTExZTYtOGY4OC0zNDM2M2JjN2M0YzAiOnsiY3JlYXRlIjo2MDAwMDAwMDAwMDAsImRlbGV0ZSI6OTAwMDAwMDAwMDAwfSwic2NoZW1hX3ZlcnNpb24iOiIxIn0=",
          "dependencies": [
            "data.aws_vpc.main",
            "aws_security_group.webalb",
            "aws_security_group.websrv"
          ],
          "create_before_destroy": true
        }
      ]
    },
    {
      "mode": "managed",
      "type": "aws_security_group",
      "name": "apisrv",
      "provider": "provider[\"registry.terraform.io/hashicorp/aws\"]",
      "instances": [
        {
          "schema_version": 1,
          "attributes": {
            "arn": "arn:aws:ec2:ap-southeast-1:945251900491:security-group/sg-0e44c1ce80c95537e",
            "description": "test demo  app-v1",
            "egress": [
              {
                "cidr_blocks": [
                  "0.0.0.0/0"
                ],
                "description": "",
                "from_port": 0,
                "ipv6_cidr_blocks": [],
                "prefix_list_ids": [],
                "protocol": "-1",
                "security_groups": [],
                "self": false,
                "to_port": 0
              }
            ],
            "id": "sg-0e44c1ce80c95537e",
            "ingress": [
              {
                "cidr_blocks": [
                  "0.0.0.0/0"
                ],
                "description": "",
                "from_port": 22,
                "ipv6_cidr_blocks": [],
                "prefix_list_ids": [],
                "protocol": "tcp",
                "security_groups": [],
                "self": false,
                "to_port": 22
              },
              {
                "cidr_blocks": [],
                "description": "",
                "from_port": 80,
                "ipv6_cidr_blocks": [],
                "prefix_list_ids": [],
                "protocol": "tcp",
                "security_groups": [
                  "sg-023f92b9c14366c2b"
                ],
                "self": false,
                "to_port": 80
              }
            ],
            "name": "test-demo-app-v120220109105214254900000002",
            "name_prefix": "test-demo-app-v1",
            "owner_id": "945251900491",
            "revoke_rules_on_delete": false,
            "tags": {
              "Application": "demo",
              "Environment": "test",
              "Name": "test-demo-app-v1",
              "Role": "app"
            },
            "tags_all": {
              "Application": "demo",
              "Environment": "test",
              "Name": "test-demo-app-v1",
              "Role": "app"
            },
            "timeouts": null,
            "vpc_id": "vpc-000ba1ce5953f5ee0"
          },
          "sensitive_attributes": [],
          "private": "eyJlMmJmYjczMC1lY2FhLTExZTYtOGY4OC0zNDM2M2JjN2M0YzAiOnsiY3JlYXRlIjo2MDAwMDAwMDAwMDAsImRlbGV0ZSI6OTAwMDAwMDAwMDAwfSwic2NoZW1hX3ZlcnNpb24iOiIxIn0=",
          "dependencies": [
            "aws_security_group.apialb",
            "aws_security_group.webalb",
            "aws_security_group.websrv",
            "data.aws_vpc.main"
          ],
          "create_before_destroy": true
        }
      ]
    },
    {
      "mode": "managed",
      "type": "aws_security_group",
      "name": "webalb",
      "provider": "provider[\"registry.terraform.io/hashicorp/aws\"]",
      "instances": [
        {
          "schema_version": 1,
          "attributes": {
            "arn": "arn:aws:ec2:ap-southeast-1:945251900491:security-group/sg-0d1c2c22c7b2cca76",
            "description": "test demo web  ALB v1",
            "egress": [
              {
                "cidr_blocks": [
                  "0.0.0.0/0"
                ],
                "description": "",
                "from_port": 0,
                "ipv6_cidr_blocks": [],
                "prefix_list_ids": [],
                "protocol": "-1",
                "security_groups": [],
                "self": false,
                "to_port": 0
              }
            ],
            "id": "sg-0d1c2c22c7b2cca76",
            "ingress": [
              {
                "cidr_blocks": [
                  "49.37.221.208/32"
                ],
                "description": "",
                "from_port": 80,
                "ipv6_cidr_blocks": [],
                "prefix_list_ids": [],
                "protocol": "tcp",
                "security_groups": [],
                "self": false,
                "to_port": 80
              }
            ],
            "name": "test-web-alb-v120220109104607923400000005",
            "name_prefix": "test-web-alb-v1",
            "owner_id": "945251900491",
            "revoke_rules_on_delete": false,
            "tags": {
              "Application": "web",
              "Environment": "test",
              "Name": "demo-web-alb-v1",
              "Role": "web"
            },
            "tags_all": {
              "Application": "web",
              "Environment": "test",
              "Name": "demo-web-alb-v1",
              "Role": "web"
            },
            "timeouts": null,
            "vpc_id": "vpc-000ba1ce5953f5ee0"
          },
          "sensitive_attributes": [],
          "private": "eyJlMmJmYjczMC1lY2FhLTExZTYtOGY4OC0zNDM2M2JjN2M0YzAiOnsiY3JlYXRlIjo2MDAwMDAwMDAwMDAsImRlbGV0ZSI6OTAwMDAwMDAwMDAwfSwic2NoZW1hX3ZlcnNpb24iOiIxIn0=",
          "dependencies": [
            "data.aws_vpc.main"
          ]
        }
      ]
    },
    {
      "mode": "managed",
      "type": "aws_security_group",
      "name": "websrv",
      "provider": "provider[\"registry.terraform.io/hashicorp/aws\"]",
      "instances": [
        {
          "schema_version": 1,
          "attributes": {
            "arn": "arn:aws:ec2:ap-southeast-1:945251900491:security-group/sg-044de7bdda4929b5c",
            "description": "test demo  web-v1",
            "egress": [
              {
                "cidr_blocks": [
                  "0.0.0.0/0"
                ],
                "description": "",
                "from_port": 0,
                "ipv6_cidr_blocks": [],
                "prefix_list_ids": [],
                "protocol": "-1",
                "security_groups": [],
                "self": false,
                "to_port": 0
              }
            ],
            "id": "sg-044de7bdda4929b5c",
            "ingress": [
              {
                "cidr_blocks": [],
                "description": "",
                "from_port": 22,
                "ipv6_cidr_blocks": [],
                "prefix_list_ids": [],
                "protocol": "tcp",
                "security_groups": [
                  "sg-0f042a9b6f495049f"
                ],
                "self": false,
                "to_port": 22
              },
              {
                "cidr_blocks": [],
                "description": "",
                "from_port": 80,
                "ipv6_cidr_blocks": [],
                "prefix_list_ids": [],
                "protocol": "tcp",
                "security_groups": [
                  "sg-0d1c2c22c7b2cca76"
                ],
                "self": false,
                "to_port": 80
              }
            ],
            "name": "test-demo-web-v120220109104611511600000006",
            "name_prefix": "test-demo-web-v1",
            "owner_id": "945251900491",
            "revoke_rules_on_delete": false,
            "tags": {
              "Application": "demo",
              "Environment": "test",
              "Name": "test-demo-web-v1",
              "Role": "web"
            },
            "tags_all": {
              "Application": "demo",
              "Environment": "test",
              "Name": "test-demo-web-v1",
              "Role": "web"
            },
            "timeouts": null,
            "vpc_id": "vpc-000ba1ce5953f5ee0"
          },
          "sensitive_attributes": [],
          "private": "eyJlMmJmYjczMC1lY2FhLTExZTYtOGY4OC0zNDM2M2JjN2M0YzAiOnsiY3JlYXRlIjo2MDAwMDAwMDAwMDAsImRlbGV0ZSI6OTAwMDAwMDAwMDAwfSwic2NoZW1hX3ZlcnNpb24iOiIxIn0=",
          "dependencies": [
            "aws_security_group.webalb",
            "data.aws_vpc.main"
          ],
          "create_before_destroy": true
        }
      ]
    }
  ]
}
