{
  "version": 4,
  "terraform_version": "1.1.3",
  "serial": 353,
  "lineage": "ece99adf-c6fb-fcf5-1c8b-e5c273b87914",
  "outputs": {},
  "resources": [
    {
      "mode": "data",
      "type": "aws_ami",
      "name": "api",
      "provider": "provider[\"registry.terraform.io/hashicorp/aws\"]",
      "instances": [
        {
          "schema_version": 0,
          "attributes": {
            "architecture": "x86_64",
            "arn": "arn:aws:ec2:ap-southeast-1::image/ami-03ae1f4e6393e3d13",
            "block_device_mappings": [
              {
                "device_name": "/dev/sda1",
                "ebs": {
                  "delete_on_termination": "true",
                  "encrypted": "true",
                  "iops": "0",
                  "snapshot_id": "snap-04b0d993e77cdb0a9",
                  "throughput": "0",
                  "volume_size": "8",
                  "volume_type": "gp2"
                },
                "no_device": "",
                "virtual_name": ""
              },
              {
                "device_name": "/dev/sdb",
                "ebs": {},
                "no_device": "",
                "virtual_name": "ephemeral0"
              },
              {
                "device_name": "/dev/sdc",
                "ebs": {},
                "no_device": "",
                "virtual_name": "ephemeral1"
              }
            ],
            "creation_date": "2022-01-08T18:46:51.000Z",
            "description": "An encrypted root ami based off ami-055d15d9cfddf7bd3",
            "ena_support": true,
            "executable_users": null,
            "filter": [
              {
                "name": "name",
                "values": [
                  "ubuntu-encrypted-ami"
                ]
              },
              {
                "name": "virtualization-type",
                "values": [
                  "hvm"
                ]
              }
            ],
            "hypervisor": "xen",
            "id": "ami-03ae1f4e6393e3d13",
            "image_id": "ami-03ae1f4e6393e3d13",
            "image_location": "945251900491/ubuntu-encrypted-ami",
            "image_owner_alias": null,
            "image_type": "machine",
            "kernel_id": null,
            "most_recent": true,
            "name": "ubuntu-encrypted-ami",
            "name_regex": null,
            "owner_id": "945251900491",
            "owners": [
              "945251900491"
            ],
            "platform": null,
            "platform_details": "Linux/UNIX",
            "product_codes": [],
            "public": false,
            "ramdisk_id": null,
            "root_device_name": "/dev/sda1",
            "root_device_type": "ebs",
            "root_snapshot_id": "snap-04b0d993e77cdb0a9",
            "sriov_net_support": "simple",
            "state": "available",
            "state_reason": {
              "code": "UNSET",
              "message": "UNSET"
            },
            "tags": {
              "Name": "ubuntu-encrypted-ami"
            },
            "usage_operation": "RunInstances",
            "virtualization_type": "hvm"
          },
          "sensitive_attributes": []
        }
      ]
    },
    {
      "mode": "data",
      "type": "aws_availability_zone",
      "name": "zones",
      "provider": "provider[\"registry.terraform.io/hashicorp/aws\"]",
      "instances": [
        {
          "index_key": 0,
          "schema_version": 0,
          "attributes": {
            "all_availability_zones": null,
            "filter": null,
            "group_name": "ap-southeast-1",
            "id": "ap-southeast-1a",
            "name": "ap-southeast-1a",
            "name_suffix": "a",
            "network_border_group": "ap-southeast-1",
            "opt_in_status": "opt-in-not-required",
            "parent_zone_id": "",
            "parent_zone_name": "",
            "region": "ap-southeast-1",
            "state": "available",
            "zone_id": "apse1-az1",
            "zone_type": "availability-zone"
          },
          "sensitive_attributes": []
        },
        {
          "index_key": 1,
          "schema_version": 0,
          "attributes": {
            "all_availability_zones": null,
            "filter": null,
            "group_name": "ap-southeast-1",
            "id": "ap-southeast-1b",
            "name": "ap-southeast-1b",
            "name_suffix": "b",
            "network_border_group": "ap-southeast-1",
            "opt_in_status": "opt-in-not-required",
            "parent_zone_id": "",
            "parent_zone_name": "",
            "region": "ap-southeast-1",
            "state": "available",
            "zone_id": "apse1-az2",
            "zone_type": "availability-zone"
          },
          "sensitive_attributes": []
        }
      ]
    },
    {
      "mode": "data",
      "type": "aws_iam_policy_document",
      "name": "api_policy",
      "provider": "provider[\"registry.terraform.io/hashicorp/aws\"]",
      "instances": [
        {
          "schema_version": 0,
          "attributes": {
            "id": "2074062309",
            "json": "{\n  \"Version\": \"2012-10-17\",\n  \"Statement\": [\n    {\n      \"Sid\": \"\",\n      \"Effect\": \"Allow\",\n      \"Action\": [\n        \"cloudwatch:PutMetricData\",\n        \"cloudwatch:PutMetricAlarm\",\n        \"cloudwatch:ListMetrics\",\n        \"cloudwatch:GetMetricStatistics\"\n      ],\n      \"Resource\": \"*\"\n    }\n  ]\n}",
            "override_json": null,
            "override_policy_documents": null,
            "policy_id": null,
            "source_json": null,
            "source_policy_documents": null,
            "statement": [
              {
                "actions": [
                  "cloudwatch:GetMetricStatistics",
                  "cloudwatch:ListMetrics",
                  "cloudwatch:PutMetricAlarm",
                  "cloudwatch:PutMetricData"
                ],
                "condition": [],
                "effect": "Allow",
                "not_actions": [],
                "not_principals": [],
                "not_resources": [],
                "principals": [],
                "resources": [
                  "*"
                ],
                "sid": ""
              }
            ],
            "version": "2012-10-17"
          },
          "sensitive_attributes": []
        }
      ]
    },
    {
      "mode": "data",
      "type": "aws_iam_policy_document",
      "name": "api_role",
      "provider": "provider[\"registry.terraform.io/hashicorp/aws\"]",
      "instances": [
        {
          "schema_version": 0,
          "attributes": {
            "id": "1903849331",
            "json": "{\n  \"Version\": \"2012-10-17\",\n  \"Statement\": [\n    {\n      \"Sid\": \"\",\n      \"Effect\": \"Allow\",\n      \"Action\": \"sts:AssumeRole\",\n      \"Principal\": {\n        \"Service\": \"ec2.amazonaws.com\"\n      }\n    }\n  ]\n}",
            "override_json": null,
            "override_policy_documents": null,
            "policy_id": null,
            "source_json": null,
            "source_policy_documents": null,
            "statement": [
              {
                "actions": [
                  "sts:AssumeRole"
                ],
                "condition": [],
                "effect": "Allow",
                "not_actions": [],
                "not_principals": [],
                "not_resources": [],
                "principals": [
                  {
                    "identifiers": [
                      "ec2.amazonaws.com"
                    ],
                    "type": "Service"
                  }
                ],
                "resources": [],
                "sid": ""
              }
            ],
            "version": "2012-10-17"
          },
          "sensitive_attributes": []
        }
      ]
    },
    {
      "mode": "data",
      "type": "aws_iam_policy_document",
      "name": "web_policy",
      "provider": "provider[\"registry.terraform.io/hashicorp/aws\"]",
      "instances": [
        {
          "schema_version": 0,
          "attributes": {
            "id": "2074062309",
            "json": "{\n  \"Version\": \"2012-10-17\",\n  \"Statement\": [\n    {\n      \"Sid\": \"\",\n      \"Effect\": \"Allow\",\n      \"Action\": [\n        \"cloudwatch:PutMetricData\",\n        \"cloudwatch:PutMetricAlarm\",\n        \"cloudwatch:ListMetrics\",\n        \"cloudwatch:GetMetricStatistics\"\n      ],\n      \"Resource\": \"*\"\n    }\n  ]\n}",
            "override_json": null,
            "override_policy_documents": null,
            "policy_id": null,
            "source_json": null,
            "source_policy_documents": null,
            "statement": [
              {
                "actions": [
                  "cloudwatch:GetMetricStatistics",
                  "cloudwatch:ListMetrics",
                  "cloudwatch:PutMetricAlarm",
                  "cloudwatch:PutMetricData"
                ],
                "condition": [],
                "effect": "Allow",
                "not_actions": [],
                "not_principals": [],
                "not_resources": [],
                "principals": [],
                "resources": [
                  "*"
                ],
                "sid": ""
              }
            ],
            "version": "2012-10-17"
          },
          "sensitive_attributes": []
        }
      ]
    },
    {
      "mode": "data",
      "type": "aws_iam_policy_document",
      "name": "web_role",
      "provider": "provider[\"registry.terraform.io/hashicorp/aws\"]",
      "instances": [
        {
          "schema_version": 0,
          "attributes": {
            "id": "1903849331",
            "json": "{\n  \"Version\": \"2012-10-17\",\n  \"Statement\": [\n    {\n      \"Sid\": \"\",\n      \"Effect\": \"Allow\",\n      \"Action\": \"sts:AssumeRole\",\n      \"Principal\": {\n        \"Service\": \"ec2.amazonaws.com\"\n      }\n    }\n  ]\n}",
            "override_json": null,
            "override_policy_documents": null,
            "policy_id": null,
            "source_json": null,
            "source_policy_documents": null,
            "statement": [
              {
                "actions": [
                  "sts:AssumeRole"
                ],
                "condition": [],
                "effect": "Allow",
                "not_actions": [],
                "not_principals": [],
                "not_resources": [],
                "principals": [
                  {
                    "identifiers": [
                      "ec2.amazonaws.com"
                    ],
                    "type": "Service"
                  }
                ],
                "resources": [],
                "sid": ""
              }
            ],
            "version": "2012-10-17"
          },
          "sensitive_attributes": []
        }
      ]
    },
    {
      "mode": "data",
      "type": "aws_region",
      "name": "current",
      "provider": "provider[\"registry.terraform.io/hashicorp/aws\"]",
      "instances": [
        {
          "schema_version": 0,
          "attributes": {
            "description": "Asia Pacific (Singapore)",
            "endpoint": "ec2.ap-southeast-1.amazonaws.com",
            "id": "ap-southeast-1",
            "name": "ap-southeast-1"
          },
          "sensitive_attributes": []
        }
      ]
    },
    {
      "mode": "data",
      "type": "aws_subnet",
      "name": "tier1",
      "provider": "provider[\"registry.terraform.io/hashicorp/aws\"]",
      "instances": [
        {
          "index_key": 0,
          "schema_version": 0,
          "attributes": {
            "arn": "arn:aws:ec2:ap-southeast-1:945251900491:subnet/subnet-097d28122a407ab4f",
            "assign_ipv6_address_on_creation": false,
            "availability_zone": "ap-southeast-1a",
            "availability_zone_id": "apse1-az1",
            "available_ip_address_count": 1017,
            "cidr_block": "172.168.12.0/22",
            "customer_owned_ipv4_pool": "",
            "default_for_az": false,
            "enable_dns64": false,
            "enable_resource_name_dns_a_record_on_launch": false,
            "enable_resource_name_dns_aaaa_record_on_launch": false,
            "filter": null,
            "id": "subnet-097d28122a407ab4f",
            "ipv6_cidr_block": "",
            "ipv6_cidr_block_association_id": "",
            "ipv6_native": false,
            "map_customer_owned_ip_on_launch": false,
            "map_public_ip_on_launch": true,
            "outpost_arn": "",
            "owner_id": "945251900491",
            "private_dns_hostname_type_on_launch": "ip-name",
            "state": "available",
            "tags": {
              "Environment": "test",
              "Name": "test-vpc-public-ap-southeast-1a",
              "Terraform": "true",
              "Tier": "1",
              "subnet": "private"
            },
            "vpc_id": "vpc-000ba1ce5953f5ee0"
          },
          "sensitive_attributes": []
        },
        {
          "index_key": 1,
          "schema_version": 0,
          "attributes": {
            "arn": "arn:aws:ec2:ap-southeast-1:945251900491:subnet/subnet-0947609cd757f4bb7",
            "assign_ipv6_address_on_creation": false,
            "availability_zone": "ap-southeast-1b",
            "availability_zone_id": "apse1-az2",
            "available_ip_address_count": 1018,
            "cidr_block": "172.168.16.0/22",
            "customer_owned_ipv4_pool": "",
            "default_for_az": false,
            "enable_dns64": false,
            "enable_resource_name_dns_a_record_on_launch": false,
            "enable_resource_name_dns_aaaa_record_on_launch": false,
            "filter": null,
            "id": "subnet-0947609cd757f4bb7",
            "ipv6_cidr_block": "",
            "ipv6_cidr_block_association_id": "",
            "ipv6_native": false,
            "map_customer_owned_ip_on_launch": false,
            "map_public_ip_on_launch": true,
            "outpost_arn": "",
            "owner_id": "945251900491",
            "private_dns_hostname_type_on_launch": "ip-name",
            "state": "available",
            "tags": {
              "Environment": "test",
              "Name": "test-vpc-public-ap-southeast-1b",
              "Terraform": "true",
              "Tier": "1",
              "subnet": "private"
            },
            "vpc_id": "vpc-000ba1ce5953f5ee0"
          },
          "sensitive_attributes": []
        }
      ]
    },
    {
      "mode": "data",
      "type": "aws_subnet",
      "name": "tier2",
      "provider": "provider[\"registry.terraform.io/hashicorp/aws\"]",
      "instances": [
        {
          "index_key": 0,
          "schema_version": 0,
          "attributes": {
            "arn": "arn:aws:ec2:ap-southeast-1:945251900491:subnet/subnet-062ae3776d28c51e3",
            "assign_ipv6_address_on_creation": false,
            "availability_zone": "ap-southeast-1a",
            "availability_zone_id": "apse1-az1",
            "available_ip_address_count": 1019,
            "cidr_block": "172.168.0.0/22",
            "customer_owned_ipv4_pool": "",
            "default_for_az": false,
            "enable_dns64": false,
            "enable_resource_name_dns_a_record_on_launch": false,
            "enable_resource_name_dns_aaaa_record_on_launch": false,
            "filter": null,
            "id": "subnet-062ae3776d28c51e3",
            "ipv6_cidr_block": "",
            "ipv6_cidr_block_association_id": "",
            "ipv6_native": false,
            "map_customer_owned_ip_on_launch": false,
            "map_public_ip_on_launch": false,
            "outpost_arn": "",
            "owner_id": "945251900491",
            "private_dns_hostname_type_on_launch": "ip-name",
            "state": "available",
            "tags": {
              "Environment": "test",
              "Name": "test-vpc-private-ap-southeast-1a",
              "Terraform": "true",
              "Tier": "2",
              "subnet": "private"
            },
            "vpc_id": "vpc-000ba1ce5953f5ee0"
          },
          "sensitive_attributes": []
        },
        {
          "index_key": 1,
          "schema_version": 0,
          "attributes": {
            "arn": "arn:aws:ec2:ap-southeast-1:945251900491:subnet/subnet-07ff5e6492b89a5f8",
            "assign_ipv6_address_on_creation": false,
            "availability_zone": "ap-southeast-1b",
            "availability_zone_id": "apse1-az2",
            "available_ip_address_count": 1019,
            "cidr_block": "172.168.4.0/22",
            "customer_owned_ipv4_pool": "",
            "default_for_az": false,
            "enable_dns64": false,
            "enable_resource_name_dns_a_record_on_launch": false,
            "enable_resource_name_dns_aaaa_record_on_launch": false,
            "filter": null,
            "id": "subnet-07ff5e6492b89a5f8",
            "ipv6_cidr_block": "",
            "ipv6_cidr_block_association_id": "",
            "ipv6_native": false,
            "map_customer_owned_ip_on_launch": false,
            "map_public_ip_on_launch": false,
            "outpost_arn": "",
            "owner_id": "945251900491",
            "private_dns_hostname_type_on_launch": "ip-name",
            "state": "available",
            "tags": {
              "Environment": "test",
              "Name": "test-vpc-private-ap-southeast-1b",
              "Terraform": "true",
              "Tier": "2",
              "subnet": "private"
            },
            "vpc_id": "vpc-000ba1ce5953f5ee0"
          },
          "sensitive_attributes": []
        }
      ]
    },
    {
      "mode": "data",
      "type": "aws_vpc",
      "name": "main",
      "provider": "provider[\"registry.terraform.io/hashicorp/aws\"]",
      "instances": [
        {
          "schema_version": 0,
          "attributes": {
            "arn": "arn:aws:ec2:ap-southeast-1:945251900491:vpc/vpc-000ba1ce5953f5ee0",
            "cidr_block": "172.168.0.0/19",
            "cidr_block_associations": [
              {
                "association_id": "vpc-cidr-assoc-07969d40c482cc05d",
                "cidr_block": "172.168.0.0/19",
                "state": "associated"
              }
            ],
            "default": false,
            "dhcp_options_id": "dopt-7878521f",
            "enable_dns_hostnames": false,
            "enable_dns_support": true,
            "filter": [
              {
                "name": "tag:Name",
                "values": [
                  "test-vpc"
                ]
              }
            ],
            "id": "vpc-000ba1ce5953f5ee0",
            "instance_tenancy": "default",
            "ipv6_association_id": null,
            "ipv6_cidr_block": null,
            "main_route_table_id": "rtb-08c69d9f7d790221b",
            "owner_id": "945251900491",
            "state": "available",
            "tags": {
              "Environment": "test",
              "Name": "test-vpc",
              "Terraform": "true"
            }
          },
          "sensitive_attributes": []
        }
      ]
    },
    {
      "mode": "data",
      "type": "template_file",
      "name": "cloud_config",
      "provider": "provider[\"registry.terraform.io/hashicorp/template\"]",
      "instances": [
        {
          "schema_version": 0,
          "attributes": {
            "filename": null,
            "id": "f1af09d46a962b4d1e512a1a17f116cf4210dbf886078a4c1f226ffb716e762f",
            "rendered": "#cloud-config\r\n\r\n    \r\nruncmd:\r\n  - apt-get update -y\r\n  - apt-get upgrade -y\r\n  - apt-get install nginx -y\r\n  - echo '\u003ch1\u003ev1 App Server\u003c/h1\u003e' \u003e /var/www/html/index.html",
            "template": "#cloud-config\r\n\r\n    \r\nruncmd:\r\n  - apt-get update -y\r\n  - apt-get upgrade -y\r\n  - apt-get install nginx -y\r\n  - echo '\u003ch1\u003e${app_version} App Server\u003c/h1\u003e' \u003e /var/www/html/index.html",
            "vars": {
              "app_version": "v1"
            }
          },
          "sensitive_attributes": []
        }
      ]
    },
    {
      "mode": "data",
      "type": "template_file",
      "name": "nginx_conf",
      "provider": "provider[\"registry.terraform.io/hashicorp/template\"]",
      "instances": [
        {
          "schema_version": 0,
          "attributes": {
            "filename": null,
            "id": "89f2dc141c1ea72a389a0642725ef55336f8918fd46098b5cae3b931e7afad88",
            "rendered": "server {\r\n        listen 80;\r\n        listen [::]:80;\r\n\r\n        access_log /var/log/nginx/reverse-access.log;\r\n        error_log /var/log/nginx/reverse-error.log;\r\n\r\n        location / {\r\n                    proxy_pass http://internal-test-demo-app-v1-344370660.ap-southeast-1.elb.amazonaws.com;\r\n  }\r\n}\r\n",
            "template": "server {\r\n        listen 80;\r\n        listen [::]:80;\r\n\r\n        access_log /var/log/nginx/reverse-access.log;\r\n        error_log /var/log/nginx/reverse-error.log;\r\n\r\n        location / {\r\n                    proxy_pass http://${app_alb_url};\r\n  }\r\n}\r\n",
            "vars": {
              "app_alb_url": "internal-test-demo-app-v1-344370660.ap-southeast-1.elb.amazonaws.com"
            }
          },
          "sensitive_attributes": []
        }
      ]
    },
    {
      "mode": "data",
      "type": "template_file",
      "name": "web_config",
      "provider": "provider[\"registry.terraform.io/hashicorp/template\"]",
      "instances": [
        {
          "schema_version": 0,
          "attributes": {
            "filename": null,
            "id": "307be29da19cb99055b8ff4073bcb7287e64a48c538a26728ac626f410b42dbd",
            "rendered": "#cloud-config\r\nwrite_files:\r\n  - path: \"/etc/nginx/sites-available/reverse-proxy.conf\"\r\n    permissions: \"0744\"\r\n    owner: \"root:root\"\r\n    encoding: \"base64\"\r\n    content: |\r\n      c2VydmVyIHsNCiAgICAgICAgbGlzdGVuIDgwOw0KICAgICAgICBsaXN0ZW4gWzo6XTo4MDsNCg0KICAgICAgICBhY2Nlc3NfbG9nIC92YXIvbG9nL25naW54L3JldmVyc2UtYWNjZXNzLmxvZzsNCiAgICAgICAgZXJyb3JfbG9nIC92YXIvbG9nL25naW54L3JldmVyc2UtZXJyb3IubG9nOw0KDQogICAgICAgIGxvY2F0aW9uIC8gew0KICAgICAgICAgICAgICAgICAgICBwcm94eV9wYXNzIGh0dHA6Ly9pbnRlcm5hbC10ZXN0LWRlbW8tYXBwLXYxLTM0NDM3MDY2MC5hcC1zb3V0aGVhc3QtMS5lbGIuYW1hem9uYXdzLmNvbTsNCiAgfQ0KfQ0K\r\n      \r\nruncmd:\r\n  - apt-get update -y\r\n  - apt-get upgrade -y\r\n  - apt-get install nginx -y\r\n  - unlink /etc/nginx/sites-enabled/default\r\n  - ln -s /etc/nginx/sites-available/reverse-proxy.conf /etc/nginx/sites-enabled/reverse-proxy.conf\r\n  - systemctl reload nginx",
            "template": "#cloud-config\r\nwrite_files:\r\n  - path: \"/etc/nginx/sites-available/reverse-proxy.conf\"\r\n    permissions: \"0744\"\r\n    owner: \"root:root\"\r\n    encoding: \"base64\"\r\n    content: |\r\n      ${nginx_conf}\r\n      \r\nruncmd:\r\n  - apt-get update -y\r\n  - apt-get upgrade -y\r\n  - apt-get install nginx -y\r\n  - unlink /etc/nginx/sites-enabled/default\r\n  - ln -s /etc/nginx/sites-available/reverse-proxy.conf /etc/nginx/sites-enabled/reverse-proxy.conf\r\n  - systemctl reload nginx",
            "vars": {
              "app_alb_url": "internal-test-demo-app-v1-344370660.ap-southeast-1.elb.amazonaws.com",
              "app_version": "v1",
              "nginx_conf": "c2VydmVyIHsNCiAgICAgICAgbGlzdGVuIDgwOw0KICAgICAgICBsaXN0ZW4gWzo6XTo4MDsNCg0KICAgICAgICBhY2Nlc3NfbG9nIC92YXIvbG9nL25naW54L3JldmVyc2UtYWNjZXNzLmxvZzsNCiAgICAgICAgZXJyb3JfbG9nIC92YXIvbG9nL25naW54L3JldmVyc2UtZXJyb3IubG9nOw0KDQogICAgICAgIGxvY2F0aW9uIC8gew0KICAgICAgICAgICAgICAgICAgICBwcm94eV9wYXNzIGh0dHA6Ly9pbnRlcm5hbC10ZXN0LWRlbW8tYXBwLXYxLTM0NDM3MDY2MC5hcC1zb3V0aGVhc3QtMS5lbGIuYW1hem9uYXdzLmNvbTsNCiAgfQ0KfQ0K"
            }
          },
          "sensitive_attributes": []
        }
      ]
    },
    {
      "mode": "managed",
      "type": "aws_alb",
      "name": "api",
      "provider": "provider[\"registry.terraform.io/hashicorp/aws\"]",
      "instances": [
        {
          "schema_version": 0,
          "attributes": {
            "access_logs": [
              {
                "bucket": "",
                "enabled": false,
                "prefix": ""
              }
            ],
            "arn": "arn:aws:elasticloadbalancing:ap-southeast-1:945251900491:loadbalancer/app/test-demo-app-v1/a177626a31001a2c",
            "arn_suffix": "app/test-demo-app-v1/a177626a31001a2c",
            "customer_owned_ipv4_pool": "",
            "desync_mitigation_mode": "defensive",
            "dns_name": "internal-test-demo-app-v1-344370660.ap-southeast-1.elb.amazonaws.com",
            "drop_invalid_header_fields": false,
            "enable_cross_zone_load_balancing": null,
            "enable_deletion_protection": false,
            "enable_http2": true,
            "enable_waf_fail_open": false,
            "id": "arn:aws:elasticloadbalancing:ap-southeast-1:945251900491:loadbalancer/app/test-demo-app-v1/a177626a31001a2c",
            "idle_timeout": 60,
            "internal": true,
            "ip_address_type": "ipv4",
            "load_balancer_type": "application",
            "name": "test-demo-app-v1",
            "name_prefix": null,
            "security_groups": [
              "sg-02c3e221d4bc35354"
            ],
            "subnet_mapping": [
              {
                "allocation_id": "",
                "ipv6_address": "",
                "outpost_id": "",
                "private_ipv4_address": "",
                "subnet_id": "subnet-062ae3776d28c51e3"
              },
              {
                "allocation_id": "",
                "ipv6_address": "",
                "outpost_id": "",
                "private_ipv4_address": "",
                "subnet_id": "subnet-07ff5e6492b89a5f8"
              }
            ],
            "subnets": [
              "subnet-062ae3776d28c51e3",
              "subnet-07ff5e6492b89a5f8"
            ],
            "tags": {
              "Application": "demo",
              "Environment": "test",
              "Name": "test-demo-app-ALB-v1",
              "Role": "app"
            },
            "tags_all": {
              "Application": "demo",
              "Environment": "test",
              "Name": "test-demo-app-ALB-v1",
              "Role": "app"
            },
            "timeouts": null,
            "vpc_id": "vpc-000ba1ce5953f5ee0",
            "zone_id": "Z1LMS91P8CMLE5"
          },
          "sensitive_attributes": [],
          "private": "eyJlMmJmYjczMC1lY2FhLTExZTYtOGY4OC0zNDM2M2JjN2M0YzAiOnsiY3JlYXRlIjo2MDAwMDAwMDAwMDAsImRlbGV0ZSI6NjAwMDAwMDAwMDAwLCJ1cGRhdGUiOjYwMDAwMDAwMDAwMH19",
          "dependencies": [
            "aws_security_group.apialb",
            "aws_security_group.webalb",
            "aws_security_group.websrv",
            "data.aws_subnet.tier2",
            "data.aws_vpc.main"
          ],
          "create_before_destroy": true
        }
      ]
    },
    {
      "mode": "managed",
      "type": "aws_alb",
      "name": "web",
      "provider": "provider[\"registry.terraform.io/hashicorp/aws\"]",
      "instances": [
        {
          "schema_version": 0,
          "attributes": {
            "access_logs": [
              {
                "bucket": "",
                "enabled": false,
                "prefix": ""
              }
            ],
            "arn": "arn:aws:elasticloadbalancing:ap-southeast-1:945251900491:loadbalancer/app/test-demo-web-v1/8b2bb49b672a30d2",
            "arn_suffix": "app/test-demo-web-v1/8b2bb49b672a30d2",
            "customer_owned_ipv4_pool": "",
            "desync_mitigation_mode": "defensive",
            "dns_name": "test-demo-web-v1-763788246.ap-southeast-1.elb.amazonaws.com",
            "drop_invalid_header_fields": false,
            "enable_cross_zone_load_balancing": null,
            "enable_deletion_protection": false,
            "enable_http2": true,
            "enable_waf_fail_open": false,
            "id": "arn:aws:elasticloadbalancing:ap-southeast-1:945251900491:loadbalancer/app/test-demo-web-v1/8b2bb49b672a30d2",
            "idle_timeout": 60,
            "internal": false,
            "ip_address_type": "ipv4",
            "load_balancer_type": "application",
            "name": "test-demo-web-v1",
            "name_prefix": null,
            "security_groups": [
              "sg-0c9456522fa747c08"
            ],
            "subnet_mapping": [
              {
                "allocation_id": "",
                "ipv6_address": "",
                "outpost_id": "",
                "private_ipv4_address": "",
                "subnet_id": "subnet-0947609cd757f4bb7"
              },
              {
                "allocation_id": "",
                "ipv6_address": "",
                "outpost_id": "",
                "private_ipv4_address": "",
                "subnet_id": "subnet-097d28122a407ab4f"
              }
            ],
            "subnets": [
              "subnet-0947609cd757f4bb7",
              "subnet-097d28122a407ab4f"
            ],
            "tags": {
              "Application": "demo",
              "Environment": "test",
              "Name": "test-demo-web-ALB-v1",
              "Role": "web"
            },
            "tags_all": {
              "Application": "demo",
              "Environment": "test",
              "Name": "test-demo-web-ALB-v1",
              "Role": "web"
            },
            "timeouts": null,
            "vpc_id": "vpc-000ba1ce5953f5ee0",
            "zone_id": "Z1LMS91P8CMLE5"
          },
          "sensitive_attributes": [],
          "private": "eyJlMmJmYjczMC1lY2FhLTExZTYtOGY4OC0zNDM2M2JjN2M0YzAiOnsiY3JlYXRlIjo2MDAwMDAwMDAwMDAsImRlbGV0ZSI6NjAwMDAwMDAwMDAwLCJ1cGRhdGUiOjYwMDAwMDAwMDAwMH19",
          "dependencies": [
            "aws_security_group.webalb",
            "data.aws_subnet.tier1",
            "data.aws_vpc.main"
          ]
        }
      ]
    },
    {
      "mode": "managed",
      "type": "aws_alb_listener",
      "name": "frontend_http",
      "provider": "provider[\"registry.terraform.io/hashicorp/aws\"]",
      "instances": [
        {
          "schema_version": 0,
          "attributes": {
            "alpn_policy": null,
            "arn": "arn:aws:elasticloadbalancing:ap-southeast-1:945251900491:listener/app/test-demo-app-v1/a177626a31001a2c/d30e0bb426d66571",
            "certificate_arn": null,
            "default_action": [
              {
                "authenticate_cognito": [],
                "authenticate_oidc": [],
                "fixed_response": [],
                "forward": [],
                "order": 1,
                "redirect": [],
                "target_group_arn": "arn:aws:elasticloadbalancing:ap-southeast-1:945251900491:targetgroup/test-demo-app-v1/493d4e87a83859e7",
                "type": "forward"
              }
            ],
            "id": "arn:aws:elasticloadbalancing:ap-southeast-1:945251900491:listener/app/test-demo-app-v1/a177626a31001a2c/d30e0bb426d66571",
            "load_balancer_arn": "arn:aws:elasticloadbalancing:ap-southeast-1:945251900491:loadbalancer/app/test-demo-app-v1/a177626a31001a2c",
            "port": 80,
            "protocol": "HTTP",
            "ssl_policy": "",
            "tags": null,
            "tags_all": {},
            "timeouts": null
          },
          "sensitive_attributes": [],
          "private": "eyJlMmJmYjczMC1lY2FhLTExZTYtOGY4OC0zNDM2M2JjN2M0YzAiOnsicmVhZCI6NjAwMDAwMDAwMDAwfX0=",
          "dependencies": [
            "aws_alb.api",
            "aws_alb_target_group.api_target_group",
            "aws_security_group.apialb",
            "aws_security_group.webalb",
            "aws_security_group.websrv",
            "data.aws_subnet.tier2",
            "data.aws_vpc.main"
          ]
        }
      ]
    },
    {
      "mode": "managed",
      "type": "aws_alb_listener",
      "name": "web_frontend_http",
      "provider": "provider[\"registry.terraform.io/hashicorp/aws\"]",
      "instances": [
        {
          "schema_version": 0,
          "attributes": {
            "alpn_policy": null,
            "arn": "arn:aws:elasticloadbalancing:ap-southeast-1:945251900491:listener/app/test-demo-web-v1/8b2bb49b672a30d2/c3893b2347806dfa",
            "certificate_arn": null,
            "default_action": [
              {
                "authenticate_cognito": [],
                "authenticate_oidc": [],
                "fixed_response": [],
                "forward": [],
                "order": 1,
                "redirect": [],
                "target_group_arn": "arn:aws:elasticloadbalancing:ap-southeast-1:945251900491:targetgroup/test-demo-web-v1/33aa164846c28555",
                "type": "forward"
              }
            ],
            "id": "arn:aws:elasticloadbalancing:ap-southeast-1:945251900491:listener/app/test-demo-web-v1/8b2bb49b672a30d2/c3893b2347806dfa",
            "load_balancer_arn": "arn:aws:elasticloadbalancing:ap-southeast-1:945251900491:loadbalancer/app/test-demo-web-v1/8b2bb49b672a30d2",
            "port": 80,
            "protocol": "HTTP",
            "ssl_policy": "",
            "tags": null,
            "tags_all": {},
            "timeouts": null
          },
          "sensitive_attributes": [],
          "private": "eyJlMmJmYjczMC1lY2FhLTExZTYtOGY4OC0zNDM2M2JjN2M0YzAiOnsicmVhZCI6NjAwMDAwMDAwMDAwfX0=",
          "dependencies": [
            "aws_alb.web",
            "aws_alb_target_group.web_target_group",
            "aws_security_group.webalb",
            "data.aws_subnet.tier1",
            "data.aws_vpc.main"
          ]
        }
      ]
    },
    {
      "mode": "managed",
      "type": "aws_alb_target_group",
      "name": "api_target_group",
      "provider": "provider[\"registry.terraform.io/hashicorp/aws\"]",
      "instances": [
        {
          "schema_version": 0,
          "attributes": {
            "arn": "arn:aws:elasticloadbalancing:ap-southeast-1:945251900491:targetgroup/test-demo-app-v1/493d4e87a83859e7",
            "arn_suffix": "targetgroup/test-demo-app-v1/493d4e87a83859e7",
            "connection_termination": false,
            "deregistration_delay": "300",
            "health_check": [
              {
                "enabled": true,
                "healthy_threshold": 3,
                "interval": 10,
                "matcher": "200-299",
                "path": "/",
                "port": "traffic-port",
                "protocol": "HTTP",
                "timeout": 5,
                "unhealthy_threshold": 5
              }
            ],
            "id": "arn:aws:elasticloadbalancing:ap-southeast-1:945251900491:targetgroup/test-demo-app-v1/493d4e87a83859e7",
            "lambda_multi_value_headers_enabled": false,
            "load_balancing_algorithm_type": "round_robin",
            "name": "test-demo-app-v1",
            "name_prefix": null,
            "port": 80,
            "preserve_client_ip": null,
            "protocol": "HTTP",
            "protocol_version": "HTTP1",
            "proxy_protocol_v2": false,
            "slow_start": 0,
            "stickiness": [
              {
                "cookie_duration": 86400,
                "cookie_name": "",
                "enabled": false,
                "type": "lb_cookie"
              }
            ],
            "tags": {
              "Application": "demo",
              "Environment": "test",
              "Name": "test-demo-app-ALB-v1",
              "Role": "app"
            },
            "tags_all": {
              "Application": "demo",
              "Environment": "test",
              "Name": "test-demo-app-ALB-v1",
              "Role": "app"
            },
            "target_type": "instance",
            "vpc_id": "vpc-000ba1ce5953f5ee0"
          },
          "sensitive_attributes": [],
          "private": "bnVsbA==",
          "dependencies": [
            "data.aws_vpc.main"
          ],
          "create_before_destroy": true
        }
      ]
    },
    {
      "mode": "managed",
      "type": "aws_alb_target_group",
      "name": "web_target_group",
      "provider": "provider[\"registry.terraform.io/hashicorp/aws\"]",
      "instances": [
        {
          "schema_version": 0,
          "attributes": {
            "arn": "arn:aws:elasticloadbalancing:ap-southeast-1:945251900491:targetgroup/test-demo-web-v1/33aa164846c28555",
            "arn_suffix": "targetgroup/test-demo-web-v1/33aa164846c28555",
            "connection_termination": false,
            "deregistration_delay": "300",
            "health_check": [
              {
                "enabled": true,
                "healthy_threshold": 3,
                "interval": 10,
                "matcher": "200-299",
                "path": "/",
                "port": "traffic-port",
                "protocol": "HTTP",
                "timeout": 5,
                "unhealthy_threshold": 5
              }
            ],
            "id": "arn:aws:elasticloadbalancing:ap-southeast-1:945251900491:targetgroup/test-demo-web-v1/33aa164846c28555",
            "lambda_multi_value_headers_enabled": false,
            "load_balancing_algorithm_type": "round_robin",
            "name": "test-demo-web-v1",
            "name_prefix": null,
            "port": 80,
            "preserve_client_ip": null,
            "protocol": "HTTP",
            "protocol_version": "HTTP1",
            "proxy_protocol_v2": false,
            "slow_start": 0,
            "stickiness": [
              {
                "cookie_duration": 86400,
                "cookie_name": "",
                "enabled": false,
                "type": "lb_cookie"
              }
            ],
            "tags": {
              "Application": "demo",
              "Environment": "test",
              "Name": "test-demo-web-ALB-v1",
              "Role": "web"
            },
            "tags_all": {
              "Application": "demo",
              "Environment": "test",
              "Name": "test-demo-web-ALB-v1",
              "Role": "web"
            },
            "target_type": "instance",
            "vpc_id": "vpc-000ba1ce5953f5ee0"
          },
          "sensitive_attributes": [],
          "private": "bnVsbA==",
          "dependencies": [
            "data.aws_vpc.main"
          ],
          "create_before_destroy": true
        }
      ]
    },
    {
      "mode": "managed",
      "type": "aws_autoscaling_group",
      "name": "api",
      "provider": "provider[\"registry.terraform.io/hashicorp/aws\"]",
      "instances": [
        {
          "schema_version": 0,
          "attributes": {
            "arn": "arn:aws:autoscaling:ap-southeast-1:945251900491:autoScalingGroup:53671b8c-2543-4845-9c10-8c2a64bb00a0:autoScalingGroupName/test-demo-app-v12022010914183500590000000e",
            "availability_zones": [
              "ap-southeast-1a",
              "ap-southeast-1b"
            ],
            "capacity_rebalance": false,
            "default_cooldown": 300,
            "desired_capacity": 1,
            "enabled_metrics": [
              "GroupDesiredCapacity",
              "GroupInServiceInstances",
              "GroupMaxSize",
              "GroupMinSize",
              "GroupPendingInstances",
              "GroupStandbyInstances",
              "GroupTerminatingInstances",
              "GroupTotalInstances"
            ],
            "force_delete": false,
            "force_delete_warm_pool": false,
            "health_check_grace_period": 300,
            "health_check_type": "ELB",
            "id": "test-demo-app-v12022010914183500590000000e",
            "initial_lifecycle_hook": [],
            "instance_refresh": [],
            "launch_configuration": "test-demo-app-v12022010914183210130000000d",
            "launch_template": [],
            "load_balancers": null,
            "max_instance_lifetime": 0,
            "max_size": 1,
            "metrics_granularity": "1Minute",
            "min_elb_capacity": null,
            "min_size": 1,
            "mixed_instances_policy": [],
            "name": "test-demo-app-v12022010914183500590000000e",
            "name_prefix": "test-demo-app-v1",
            "placement_group": "",
            "protect_from_scale_in": false,
            "service_linked_role_arn": "arn:aws:iam::945251900491:role/aws-service-role/autoscaling.amazonaws.com/AWSServiceRoleForAutoScaling",
            "suspended_processes": null,
            "tag": [
              {
                "key": "Application",
                "propagate_at_launch": true,
                "value": "demo"
              },
              {
                "key": "Environment",
                "propagate_at_launch": true,
                "value": "test"
              },
              {
                "key": "Name",
                "propagate_at_launch": true,
                "value": "test-demo-app-v1"
              }
            ],
            "tags": null,
            "target_group_arns": [
              "arn:aws:elasticloadbalancing:ap-southeast-1:945251900491:targetgroup/test-demo-app-v1/493d4e87a83859e7"
            ],
            "termination_policies": null,
            "timeouts": null,
            "vpc_zone_identifier": [
              "subnet-062ae3776d28c51e3",
              "subnet-07ff5e6492b89a5f8"
            ],
            "wait_for_capacity_timeout": "10m",
            "wait_for_elb_capacity": null,
            "warm_pool": []
          },
          "sensitive_attributes": [],
          "private": "eyJlMmJmYjczMC1lY2FhLTExZTYtOGY4OC0zNDM2M2JjN2M0YzAiOnsiZGVsZXRlIjo2MDAwMDAwMDAwMDB9fQ==",
          "dependencies": [
            "aws_alb_target_group.api_target_group",
            "aws_iam_instance_profile.api",
            "aws_iam_role.api",
            "aws_launch_configuration.api",
            "aws_security_group.apialb",
            "aws_security_group.apisrv",
            "aws_security_group.webalb",
            "aws_security_group.websrv",
            "data.aws_ami.api",
            "data.aws_iam_policy_document.api_role",
            "data.aws_subnet.tier2",
            "data.aws_vpc.main",
            "data.template_file.cloud_config"
          ],
          "create_before_destroy": true
        }
      ]
    },
    {
      "mode": "managed",
      "type": "aws_autoscaling_group",
      "name": "web",
      "provider": "provider[\"registry.terraform.io/hashicorp/aws\"]",
      "instances": [
        {
          "schema_version": 0,
          "attributes": {
            "arn": "arn:aws:autoscaling:ap-southeast-1:945251900491:autoScalingGroup:7f94b575-5add-478c-bed2-e86dc61ff3e6:autoScalingGroupName/test-demo-web-v120220109142055708600000010",
            "availability_zones": [
              "ap-southeast-1a",
              "ap-southeast-1b"
            ],
            "capacity_rebalance": false,
            "default_cooldown": 300,
            "desired_capacity": 1,
            "enabled_metrics": [
              "GroupDesiredCapacity",
              "GroupInServiceInstances",
              "GroupMaxSize",
              "GroupMinSize",
              "GroupPendingInstances",
              "GroupStandbyInstances",
              "GroupTerminatingInstances",
              "GroupTotalInstances"
            ],
            "force_delete": false,
            "force_delete_warm_pool": false,
            "health_check_grace_period": 300,
            "health_check_type": "ELB",
            "id": "test-demo-web-v120220109142055708600000010",
            "initial_lifecycle_hook": [],
            "instance_refresh": [],
            "launch_configuration": "test-demo-web-v12022010914205402640000000f",
            "launch_template": [],
            "load_balancers": null,
            "max_instance_lifetime": 0,
            "max_size": 1,
            "metrics_granularity": "1Minute",
            "min_elb_capacity": null,
            "min_size": 1,
            "mixed_instances_policy": [],
            "name": "test-demo-web-v120220109142055708600000010",
            "name_prefix": "test-demo-web-v1",
            "placement_group": "",
            "protect_from_scale_in": false,
            "service_linked_role_arn": "arn:aws:iam::945251900491:role/aws-service-role/autoscaling.amazonaws.com/AWSServiceRoleForAutoScaling",
            "suspended_processes": null,
            "tag": [
              {
                "key": "Application",
                "propagate_at_launch": true,
                "value": "demo"
              },
              {
                "key": "Environment",
                "propagate_at_launch": true,
                "value": "test"
              },
              {
                "key": "Name",
                "propagate_at_launch": true,
                "value": "test-demo-web-v1"
              }
            ],
            "tags": null,
            "target_group_arns": [
              "arn:aws:elasticloadbalancing:ap-southeast-1:945251900491:targetgroup/test-demo-web-v1/33aa164846c28555"
            ],
            "termination_policies": null,
            "timeouts": null,
            "vpc_zone_identifier": [
              "subnet-062ae3776d28c51e3",
              "subnet-07ff5e6492b89a5f8"
            ],
            "wait_for_capacity_timeout": "10m",
            "wait_for_elb_capacity": null,
            "warm_pool": []
          },
          "sensitive_attributes": [],
          "private": "eyJlMmJmYjczMC1lY2FhLTExZTYtOGY4OC0zNDM2M2JjN2M0YzAiOnsiZGVsZXRlIjo2MDAwMDAwMDAwMDB9fQ==",
          "dependencies": [
            "aws_alb.api",
            "aws_alb_target_group.web_target_group",
            "aws_iam_instance_profile.web",
            "aws_iam_role.web",
            "aws_launch_configuration.web",
            "aws_security_group.apialb",
            "aws_security_group.webalb",
            "aws_security_group.websrv",
            "data.aws_ami.api",
            "data.aws_iam_policy_document.web_role",
            "data.aws_subnet.tier2",
            "data.aws_vpc.main",
            "data.template_file.nginx_conf",
            "data.template_file.web_config"
          ],
          "create_before_destroy": true
        }
      ]
    },
    {
      "mode": "managed",
      "type": "aws_iam_instance_profile",
      "name": "api",
      "provider": "provider[\"registry.terraform.io/hashicorp/aws\"]",
      "instances": [
        {
          "schema_version": 0,
          "attributes": {
            "arn": "arn:aws:iam::945251900491:instance-profile/test-demo-app-v120220109141823996200000007",
            "create_date": "2022-01-09T14:18:26Z",
            "id": "test-demo-app-v120220109141823996200000007",
            "name": "test-demo-app-v120220109141823996200000007",
            "name_prefix": "test-demo-app-v1",
            "path": "/",
            "role": "test-demo-app-v120220109141819286300000002",
            "tags": null,
            "tags_all": {},
            "unique_id": "AIPA5YFLHLRFYA4W7YI3T"
          },
          "sensitive_attributes": [],
          "private": "bnVsbA==",
          "dependencies": [
            "aws_iam_role.api",
            "data.aws_iam_policy_document.api_role"
          ],
          "create_before_destroy": true
        }
      ]
    },
    {
      "mode": "managed",
      "type": "aws_iam_instance_profile",
      "name": "web",
      "provider": "provider[\"registry.terraform.io/hashicorp/aws\"]",
      "instances": [
        {
          "schema_version": 0,
          "attributes": {
            "arn": "arn:aws:iam::945251900491:instance-profile/test-demo-web-v120220109141824008600000008",
            "create_date": "2022-01-09T14:18:26Z",
            "id": "test-demo-web-v120220109141824008600000008",
            "name": "test-demo-web-v120220109141824008600000008",
            "name_prefix": "test-demo-web-v1",
            "path": "/",
            "role": "test-demo-web-v120220109141819288100000003",
            "tags": null,
            "tags_all": {},
            "unique_id": "AIPA5YFLHLRFWXUSSGBFU"
          },
          "sensitive_attributes": [],
          "private": "bnVsbA==",
          "dependencies": [
            "aws_iam_role.web",
            "data.aws_iam_policy_document.web_role"
          ],
          "create_before_destroy": true
        }
      ]
    },
    {
      "mode": "managed",
      "type": "aws_iam_policy",
      "name": "api",
      "provider": "provider[\"registry.terraform.io/hashicorp/aws\"]",
      "instances": [
        {
          "schema_version": 0,
          "attributes": {
            "arn": "arn:aws:iam::945251900491:policy/test-demo-app-v120220109141819286000000001",
            "description": "test demo policy",
            "id": "arn:aws:iam::945251900491:policy/test-demo-app-v120220109141819286000000001",
            "name": "test-demo-app-v120220109141819286000000001",
            "name_prefix": "test-demo-app-v1",
            "path": "/",
            "policy": "{\"Statement\":[{\"Action\":[\"cloudwatch:PutMetricData\",\"cloudwatch:PutMetricAlarm\",\"cloudwatch:ListMetrics\",\"cloudwatch:GetMetricStatistics\"],\"Effect\":\"Allow\",\"Resource\":\"*\",\"Sid\":\"\"}],\"Version\":\"2012-10-17\"}",
            "policy_id": "ANPA5YFLHLRFQE3F3MVWT",
            "tags": null,
            "tags_all": {}
          },
          "sensitive_attributes": [],
          "private": "bnVsbA==",
          "dependencies": [
            "data.aws_iam_policy_document.api_policy"
          ]
        }
      ]
    },
    {
      "mode": "managed",
      "type": "aws_iam_policy",
      "name": "web",
      "provider": "provider[\"registry.terraform.io/hashicorp/aws\"]",
      "instances": [
        {
          "schema_version": 0,
          "attributes": {
            "arn": "arn:aws:iam::945251900491:policy/test-demo-web-v120220109141819290000000004",
            "description": "test demo policy",
            "id": "arn:aws:iam::945251900491:policy/test-demo-web-v120220109141819290000000004",
            "name": "test-demo-web-v120220109141819290000000004",
            "name_prefix": "test-demo-web-v1",
            "path": "/",
            "policy": "{\"Statement\":[{\"Action\":[\"cloudwatch:PutMetricData\",\"cloudwatch:PutMetricAlarm\",\"cloudwatch:ListMetrics\",\"cloudwatch:GetMetricStatistics\"],\"Effect\":\"Allow\",\"Resource\":\"*\",\"Sid\":\"\"}],\"Version\":\"2012-10-17\"}",
            "policy_id": "ANPA5YFLHLRFZNXC6Q5RC",
            "tags": null,
            "tags_all": {}
          },
          "sensitive_attributes": [],
          "private": "bnVsbA==",
          "dependencies": [
            "data.aws_iam_policy_document.web_policy"
          ]
        }
      ]
    },
    {
      "mode": "managed",
      "type": "aws_iam_role",
      "name": "api",
      "provider": "provider[\"registry.terraform.io/hashicorp/aws\"]",
      "instances": [
        {
          "schema_version": 0,
          "attributes": {
            "arn": "arn:aws:iam::945251900491:role/test-demo-app-v120220109141819286300000002",
            "assume_role_policy": "{\"Version\":\"2012-10-17\",\"Statement\":[{\"Sid\":\"\",\"Effect\":\"Allow\",\"Principal\":{\"Service\":\"ec2.amazonaws.com\"},\"Action\":\"sts:AssumeRole\"}]}",
            "create_date": "2022-01-09T14:18:22Z",
            "description": "",
            "force_detach_policies": false,
            "id": "test-demo-app-v120220109141819286300000002",
            "inline_policy": [
              {
                "name": "",
                "policy": ""
              }
            ],
            "managed_policy_arns": [],
            "max_session_duration": 3600,
            "name": "test-demo-app-v120220109141819286300000002",
            "name_prefix": "test-demo-app-v1",
            "path": "/",
            "permissions_boundary": null,
            "tags": null,
            "tags_all": {},
            "unique_id": "AROA5YFLHLRFUFF6LZXUH"
          },
          "sensitive_attributes": [],
          "private": "bnVsbA==",
          "dependencies": [
            "data.aws_iam_policy_document.api_role"
          ],
          "create_before_destroy": true
        }
      ]
    },
    {
      "mode": "managed",
      "type": "aws_iam_role",
      "name": "web",
      "provider": "provider[\"registry.terraform.io/hashicorp/aws\"]",
      "instances": [
        {
          "schema_version": 0,
          "attributes": {
            "arn": "arn:aws:iam::945251900491:role/test-demo-web-v120220109141819288100000003",
            "assume_role_policy": "{\"Version\":\"2012-10-17\",\"Statement\":[{\"Sid\":\"\",\"Effect\":\"Allow\",\"Principal\":{\"Service\":\"ec2.amazonaws.com\"},\"Action\":\"sts:AssumeRole\"}]}",
            "create_date": "2022-01-09T14:18:22Z",
            "description": "",
            "force_detach_policies": false,
            "id": "test-demo-web-v120220109141819288100000003",
            "inline_policy": [
              {
                "name": "",
                "policy": ""
              }
            ],
            "managed_policy_arns": [],
            "max_session_duration": 3600,
            "name": "test-demo-web-v120220109141819288100000003",
            "name_prefix": "test-demo-web-v1",
            "path": "/",
            "permissions_boundary": null,
            "tags": null,
            "tags_all": {},
            "unique_id": "AROA5YFLHLRFWFR4TA2AJ"
          },
          "sensitive_attributes": [],
          "private": "bnVsbA==",
          "dependencies": [
            "data.aws_iam_policy_document.web_role"
          ],
          "create_before_destroy": true
        }
      ]
    },
    {
      "mode": "managed",
      "type": "aws_iam_role_policy_attachment",
      "name": "api",
      "provider": "provider[\"registry.terraform.io/hashicorp/aws\"]",
      "instances": [
        {
          "schema_version": 0,
          "attributes": {
            "id": "test-demo-app-v120220109141819286300000002-2022010914182495010000000a",
            "policy_arn": "arn:aws:iam::945251900491:policy/test-demo-app-v120220109141819286000000001",
            "role": "test-demo-app-v120220109141819286300000002"
          },
          "sensitive_attributes": [],
          "private": "bnVsbA==",
          "dependencies": [
            "aws_iam_policy.api",
            "aws_iam_role.api",
            "data.aws_iam_policy_document.api_policy",
            "data.aws_iam_policy_document.api_role"
          ]
        }
      ]
    },
    {
      "mode": "managed",
      "type": "aws_iam_role_policy_attachment",
      "name": "web",
      "provider": "provider[\"registry.terraform.io/hashicorp/aws\"]",
      "instances": [
        {
          "schema_version": 0,
          "attributes": {
            "id": "test-demo-web-v120220109141819288100000003-20220109141824907500000009",
            "policy_arn": "arn:aws:iam::945251900491:policy/test-demo-web-v120220109141819290000000004",
            "role": "test-demo-web-v120220109141819288100000003"
          },
          "sensitive_attributes": [],
          "private": "bnVsbA==",
          "dependencies": [
            "aws_iam_policy.web",
            "aws_iam_role.web",
            "data.aws_iam_policy_document.web_policy",
            "data.aws_iam_policy_document.web_role"
          ]
        }
      ]
    },
    {
      "mode": "managed",
      "type": "aws_launch_configuration",
      "name": "api",
      "provider": "provider[\"registry.terraform.io/hashicorp/aws\"]",
      "instances": [
        {
          "schema_version": 0,
          "attributes": {
            "arn": "arn:aws:autoscaling:ap-southeast-1:945251900491:launchConfiguration:330d6350-b32e-475b-9e5c-3dc6f9b6a78a:launchConfigurationName/test-demo-app-v12022010914183210130000000d",
            "associate_public_ip_address": false,
            "ebs_block_device": [],
            "ebs_optimized": false,
            "enable_monitoring": true,
            "ephemeral_block_device": [],
            "iam_instance_profile": "test-demo-app-v120220109141823996200000007",
            "id": "test-demo-app-v12022010914183210130000000d",
            "image_id": "ami-03ae1f4e6393e3d13",
            "instance_type": "t2.micro",
            "key_name": "devops-team",
            "metadata_options": [],
            "name": "test-demo-app-v12022010914183210130000000d",
            "name_prefix": "test-demo-app-v1",
            "placement_tenancy": null,
            "root_block_device": [
              {
                "delete_on_termination": true,
                "encrypted": false,
                "iops": 0,
                "throughput": 0,
                "volume_size": 20,
                "volume_type": ""
              }
            ],
            "security_groups": [
              "sg-0af83f3b660abb02e"
            ],
            "spot_price": "",
            "user_data": "230978f83c2ea48913d81aea7906f59457ff4437",
            "user_data_base64": null,
            "vpc_classic_link_id": "",
            "vpc_classic_link_security_groups": null
          },
          "sensitive_attributes": [],
          "private": "bnVsbA==",
          "dependencies": [
            "aws_iam_instance_profile.api",
            "aws_iam_role.api",
            "aws_security_group.apialb",
            "aws_security_group.apisrv",
            "aws_security_group.webalb",
            "aws_security_group.websrv",
            "data.aws_ami.api",
            "data.aws_iam_policy_document.api_role",
            "data.aws_vpc.main",
            "data.template_file.cloud_config"
          ],
          "create_before_destroy": true
        }
      ]
    },
    {
      "mode": "managed",
      "type": "aws_launch_configuration",
      "name": "web",
      "provider": "provider[\"registry.terraform.io/hashicorp/aws\"]",
      "instances": [
        {
          "schema_version": 0,
          "attributes": {
            "arn": "arn:aws:autoscaling:ap-southeast-1:945251900491:launchConfiguration:2353964e-c4d0-421e-a215-87aada7ba823:launchConfigurationName/test-demo-web-v12022010914205402640000000f",
            "associate_public_ip_address": false,
            "ebs_block_device": [],
            "ebs_optimized": false,
            "enable_monitoring": true,
            "ephemeral_block_device": [],
            "iam_instance_profile": "test-demo-web-v120220109141824008600000008",
            "id": "test-demo-web-v12022010914205402640000000f",
            "image_id": "ami-03ae1f4e6393e3d13",
            "instance_type": "t2.micro",
            "key_name": "devops-team",
            "metadata_options": [],
            "name": "test-demo-web-v12022010914205402640000000f",
            "name_prefix": "test-demo-web-v1",
            "placement_tenancy": null,
            "root_block_device": [
              {
                "delete_on_termination": true,
                "encrypted": false,
                "iops": 0,
                "throughput": 0,
                "volume_size": 20,
                "volume_type": ""
              }
            ],
            "security_groups": [
              "sg-0669e40b1d79dc597"
            ],
            "spot_price": "",
            "user_data": "1681057cbeebc5a68192ca929808c56a595268b1",
            "user_data_base64": null,
            "vpc_classic_link_id": "",
            "vpc_classic_link_security_groups": null
          },
          "sensitive_attributes": [],
          "private": "bnVsbA==",
          "dependencies": [
            "aws_alb.api",
            "aws_iam_instance_profile.web",
            "aws_iam_role.web",
            "aws_security_group.apialb",
            "aws_security_group.webalb",
            "aws_security_group.websrv",
            "data.aws_ami.api",
            "data.aws_iam_policy_document.web_role",
            "data.aws_subnet.tier2",
            "data.aws_vpc.main",
            "data.template_file.nginx_conf",
            "data.template_file.web_config"
          ],
          "create_before_destroy": true
        }
      ]
    },
    {
      "mode": "managed",
      "type": "aws_security_group",
      "name": "apialb",
      "provider": "provider[\"registry.terraform.io/hashicorp/aws\"]",
      "instances": [
        {
          "schema_version": 1,
          "attributes": {
            "arn": "arn:aws:ec2:ap-southeast-1:945251900491:security-group/sg-02c3e221d4bc35354",
            "description": "test demo app  ALB",
            "egress": [
              {
                "cidr_blocks": [
                  "0.0.0.0/0"
                ],
                "description": "",
                "from_port": 0,
                "ipv6_cidr_blocks": [],
                "prefix_list_ids": [],
                "protocol": "-1",
                "security_groups": [],
                "self": false,
                "to_port": 0
              }
            ],
            "id": "sg-02c3e221d4bc35354",
            "ingress": [
              {
                "cidr_blocks": [],
                "description": "",
                "from_port": 80,
                "ipv6_cidr_blocks": [],
                "prefix_list_ids": [],
                "protocol": "tcp",
                "security_groups": [
                  "sg-0669e40b1d79dc597"
                ],
                "self": false,
                "to_port": 80
              }
            ],
            "name": "test-app-alb-v12022010914182599360000000b",
            "name_prefix": "test-app-alb-v1",
            "owner_id": "945251900491",
            "revoke_rules_on_delete": false,
            "tags": {
              "Application": "app",
              "Environment": "test",
              "Name": "demo-app-alb-v1",
              "Role": "app"
            },
            "tags_all": {
              "Application": "app",
              "Environment": "test",
              "Name": "demo-app-alb-v1",
              "Role": "app"
            },
            "timeouts": null,
            "vpc_id": "vpc-000ba1ce5953f5ee0"
          },
          "sensitive_attributes": [],
          "private": "eyJlMmJmYjczMC1lY2FhLTExZTYtOGY4OC0zNDM2M2JjN2M0YzAiOnsiY3JlYXRlIjo2MDAwMDAwMDAwMDAsImRlbGV0ZSI6OTAwMDAwMDAwMDAwfSwic2NoZW1hX3ZlcnNpb24iOiIxIn0=",
          "dependencies": [
            "aws_security_group.webalb",
            "aws_security_group.websrv",
            "data.aws_vpc.main"
          ],
          "create_before_destroy": true
        }
      ]
    },
    {
      "mode": "managed",
      "type": "aws_security_group",
      "name": "apisrv",
      "provider": "provider[\"registry.terraform.io/hashicorp/aws\"]",
      "instances": [
        {
          "schema_version": 1,
          "attributes": {
            "arn": "arn:aws:ec2:ap-southeast-1:945251900491:security-group/sg-0af83f3b660abb02e",
            "description": "test demo  app-v1",
            "egress": [
              {
                "cidr_blocks": [
                  "0.0.0.0/0"
                ],
                "description": "",
                "from_port": 0,
                "ipv6_cidr_blocks": [],
                "prefix_list_ids": [],
                "protocol": "-1",
                "security_groups": [],
                "self": false,
                "to_port": 0
              }
            ],
            "id": "sg-0af83f3b660abb02e",
            "ingress": [
              {
                "cidr_blocks": [
                  "0.0.0.0/0"
                ],
                "description": "",
                "from_port": 22,
                "ipv6_cidr_blocks": [],
                "prefix_list_ids": [],
                "protocol": "tcp",
                "security_groups": [],
                "self": false,
                "to_port": 22
              },
              {
                "cidr_blocks": [],
                "description": "",
                "from_port": 80,
                "ipv6_cidr_blocks": [],
                "prefix_list_ids": [],
                "protocol": "tcp",
                "security_groups": [
                  "sg-02c3e221d4bc35354"
                ],
                "self": false,
                "to_port": 80
              }
            ],
            "name": "test-demo-app-v12022010914182900060000000c",
            "name_prefix": "test-demo-app-v1",
            "owner_id": "945251900491",
            "revoke_rules_on_delete": false,
            "tags": {
              "Application": "demo",
              "Environment": "test",
              "Name": "test-demo-app-v1",
              "Role": "app"
            },
            "tags_all": {
              "Application": "demo",
              "Environment": "test",
              "Name": "test-demo-app-v1",
              "Role": "app"
            },
            "timeouts": null,
            "vpc_id": "vpc-000ba1ce5953f5ee0"
          },
          "sensitive_attributes": [],
          "private": "eyJlMmJmYjczMC1lY2FhLTExZTYtOGY4OC0zNDM2M2JjN2M0YzAiOnsiY3JlYXRlIjo2MDAwMDAwMDAwMDAsImRlbGV0ZSI6OTAwMDAwMDAwMDAwfSwic2NoZW1hX3ZlcnNpb24iOiIxIn0=",
          "dependencies": [
            "aws_security_group.apialb",
            "aws_security_group.webalb",
            "aws_security_group.websrv",
            "data.aws_vpc.main"
          ],
          "create_before_destroy": true
        }
      ]
    },
    {
      "mode": "managed",
      "type": "aws_security_group",
      "name": "webalb",
      "provider": "provider[\"registry.terraform.io/hashicorp/aws\"]",
      "instances": [
        {
          "schema_version": 1,
          "attributes": {
            "arn": "arn:aws:ec2:ap-southeast-1:945251900491:security-group/sg-0c9456522fa747c08",
            "description": "test demo web  ALB v1",
            "egress": [
              {
                "cidr_blocks": [
                  "0.0.0.0/0"
                ],
                "description": "",
                "from_port": 0,
                "ipv6_cidr_blocks": [],
                "prefix_list_ids": [],
                "protocol": "-1",
                "security_groups": [],
                "self": false,
                "to_port": 0
              }
            ],
            "id": "sg-0c9456522fa747c08",
            "ingress": [
              {
                "cidr_blocks": [
                  "49.37.221.208/32"
                ],
                "description": "",
                "from_port": 80,
                "ipv6_cidr_blocks": [],
                "prefix_list_ids": [],
                "protocol": "tcp",
                "security_groups": [],
                "self": false,
                "to_port": 80
              }
            ],
            "name": "test-web-alb-v120220109141819354400000005",
            "name_prefix": "test-web-alb-v1",
            "owner_id": "945251900491",
            "revoke_rules_on_delete": false,
            "tags": {
              "Application": "web",
              "Environment": "test",
              "Name": "demo-web-alb-v1",
              "Role": "web"
            },
            "tags_all": {
              "Application": "web",
              "Environment": "test",
              "Name": "demo-web-alb-v1",
              "Role": "web"
            },
            "timeouts": null,
            "vpc_id": "vpc-000ba1ce5953f5ee0"
          },
          "sensitive_attributes": [],
          "private": "eyJlMmJmYjczMC1lY2FhLTExZTYtOGY4OC0zNDM2M2JjN2M0YzAiOnsiY3JlYXRlIjo2MDAwMDAwMDAwMDAsImRlbGV0ZSI6OTAwMDAwMDAwMDAwfSwic2NoZW1hX3ZlcnNpb24iOiIxIn0=",
          "dependencies": [
            "data.aws_vpc.main"
          ],
          "create_before_destroy": true
        }
      ]
    },
    {
      "mode": "managed",
      "type": "aws_security_group",
      "name": "websrv",
      "provider": "provider[\"registry.terraform.io/hashicorp/aws\"]",
      "instances": [
        {
          "schema_version": 1,
          "attributes": {
            "arn": "arn:aws:ec2:ap-southeast-1:945251900491:security-group/sg-0669e40b1d79dc597",
            "description": "test demo  web-v1",
            "egress": [
              {
                "cidr_blocks": [
                  "0.0.0.0/0"
                ],
                "description": "",
                "from_port": 0,
                "ipv6_cidr_blocks": [],
                "prefix_list_ids": [],
                "protocol": "-1",
                "security_groups": [],
                "self": false,
                "to_port": 0
              }
            ],
            "id": "sg-0669e40b1d79dc597",
            "ingress": [
              {
                "cidr_blocks": [],
                "description": "",
                "from_port": 22,
                "ipv6_cidr_blocks": [],
                "prefix_list_ids": [],
                "protocol": "tcp",
                "security_groups": [
                  "sg-0f042a9b6f495049f"
                ],
                "self": false,
                "to_port": 22
              },
              {
                "cidr_blocks": [],
                "description": "",
                "from_port": 80,
                "ipv6_cidr_blocks": [],
                "prefix_list_ids": [],
                "protocol": "tcp",
                "security_groups": [
                  "sg-0c9456522fa747c08"
                ],
                "self": false,
                "to_port": 80
              }
            ],
            "name": "test-demo-web-v120220109141823037700000006",
            "name_prefix": "test-demo-web-v1",
            "owner_id": "945251900491",
            "revoke_rules_on_delete": false,
            "tags": {
              "Application": "demo",
              "Environment": "test",
              "Name": "test-demo-web-v1",
              "Role": "web"
            },
            "tags_all": {
              "Application": "demo",
              "Environment": "test",
              "Name": "test-demo-web-v1",
              "Role": "web"
            },
            "timeouts": null,
            "vpc_id": "vpc-000ba1ce5953f5ee0"
          },
          "sensitive_attributes": [],
          "private": "eyJlMmJmYjczMC1lY2FhLTExZTYtOGY4OC0zNDM2M2JjN2M0YzAiOnsiY3JlYXRlIjo2MDAwMDAwMDAwMDAsImRlbGV0ZSI6OTAwMDAwMDAwMDAwfSwic2NoZW1hX3ZlcnNpb24iOiIxIn0=",
          "dependencies": [
            "aws_security_group.webalb",
            "data.aws_vpc.main"
          ],
          "create_before_destroy": true
        }
      ]
    }
  ]
}
